// !$*UTF8*$!
{
	archiveVersion = 1;
	classes = {
	};
	objectVersion = 56;
	objects = {

/* Begin PBXBuildFile section */
		1763B6FB2A9822430019F86D /* MarvelComic.swift in Sources */ = {isa = PBXBuildFile; fileRef = 1763B6FA2A9822430019F86D /* MarvelComic.swift */; };
		1763B6FC2A9822430019F86D /* MarvelComic.swift in Sources */ = {isa = PBXBuildFile; fileRef = 1763B6FA2A9822430019F86D /* MarvelComic.swift */; };
		1763B6FE2A9892120019F86D /* ApiResourceDataService.swift in Sources */ = {isa = PBXBuildFile; fileRef = 1763B6FD2A9892120019F86D /* ApiResourceDataService.swift */; };
		1763B6FF2A9892120019F86D /* ApiResourceDataService.swift in Sources */ = {isa = PBXBuildFile; fileRef = 1763B6FD2A9892120019F86D /* ApiResourceDataService.swift */; };
		1763B7012A98A14C0019F86D /* ApiEndpoint.swift in Sources */ = {isa = PBXBuildFile; fileRef = 1763B7002A98A14C0019F86D /* ApiEndpoint.swift */; };
		1763B7022A98A14C0019F86D /* ApiEndpoint.swift in Sources */ = {isa = PBXBuildFile; fileRef = 1763B7002A98A14C0019F86D /* ApiEndpoint.swift */; };
		1763B7032A98A14C0019F86D /* ApiEndpoint.swift in Sources */ = {isa = PBXBuildFile; fileRef = 1763B7002A98A14C0019F86D /* ApiEndpoint.swift */; };
		1763B7052A98ACD10019F86D /* AlarmoLogger.swift in Sources */ = {isa = PBXBuildFile; fileRef = 1763B7042A98ACD10019F86D /* AlarmoLogger.swift */; };
		1763B7062A98ACD10019F86D /* AlarmoLogger.swift in Sources */ = {isa = PBXBuildFile; fileRef = 1763B7042A98ACD10019F86D /* AlarmoLogger.swift */; };
		1763B7072A98ACD10019F86D /* AlarmoLogger.swift in Sources */ = {isa = PBXBuildFile; fileRef = 1763B7042A98ACD10019F86D /* AlarmoLogger.swift */; };
		1763B7092A98CB500019F86D /* AppError.swift in Sources */ = {isa = PBXBuildFile; fileRef = 1763B7082A98CB500019F86D /* AppError.swift */; };
		1763B70A2A98CB500019F86D /* AppError.swift in Sources */ = {isa = PBXBuildFile; fileRef = 1763B7082A98CB500019F86D /* AppError.swift */; };
		1763B70B2A98CB500019F86D /* AppError.swift in Sources */ = {isa = PBXBuildFile; fileRef = 1763B7082A98CB500019F86D /* AppError.swift */; };
		1763B70D2A9907A80019F86D /* ResponseDecoder.swift in Sources */ = {isa = PBXBuildFile; fileRef = 1763B70C2A9907A80019F86D /* ResponseDecoder.swift */; };
		1763B70E2A9907A80019F86D /* ResponseDecoder.swift in Sources */ = {isa = PBXBuildFile; fileRef = 1763B70C2A9907A80019F86D /* ResponseDecoder.swift */; };
		1763B70F2A9907A80019F86D /* ResponseDecoder.swift in Sources */ = {isa = PBXBuildFile; fileRef = 1763B70C2A9907A80019F86D /* ResponseDecoder.swift */; };
		1763B7122A990C420019F86D /* CharactorsRepository.swift in Sources */ = {isa = PBXBuildFile; fileRef = 1763B7112A990C420019F86D /* CharactorsRepository.swift */; };
		1763B7132A990C420019F86D /* CharactorsRepository.swift in Sources */ = {isa = PBXBuildFile; fileRef = 1763B7112A990C420019F86D /* CharactorsRepository.swift */; };
		1763B7142A990C420019F86D /* CharactorsRepository.swift in Sources */ = {isa = PBXBuildFile; fileRef = 1763B7112A990C420019F86D /* CharactorsRepository.swift */; };
		1763B7162A990CA90019F86D /* ComicsRepository.swift in Sources */ = {isa = PBXBuildFile; fileRef = 1763B7152A990CA90019F86D /* ComicsRepository.swift */; };
		1763B7172A990CA90019F86D /* ComicsRepository.swift in Sources */ = {isa = PBXBuildFile; fileRef = 1763B7152A990CA90019F86D /* ComicsRepository.swift */; };
		1763B7182A990CA90019F86D /* ComicsRepository.swift in Sources */ = {isa = PBXBuildFile; fileRef = 1763B7152A990CA90019F86D /* ComicsRepository.swift */; };
		17DE8CA62A96E8A2007BBCCC /* ResMarvelResults.swift in Sources */ = {isa = PBXBuildFile; fileRef = 17DE8CA52A96E8A2007BBCCC /* ResMarvelResults.swift */; };
		17DE8CA72A96E8A2007BBCCC /* ResMarvelResults.swift in Sources */ = {isa = PBXBuildFile; fileRef = 17DE8CA52A96E8A2007BBCCC /* ResMarvelResults.swift */; };
		17DE8CAA2A96EAAC007BBCCC /* Alamofire in Frameworks */ = {isa = PBXBuildFile; productRef = 17DE8CA92A96EAAC007BBCCC /* Alamofire */; };
		17DE8CAD2A96EADE007BBCCC /* Kingfisher in Frameworks */ = {isa = PBXBuildFile; productRef = 17DE8CAC2A96EADE007BBCCC /* Kingfisher */; };
		17DE8CB22A96EF27007BBCCC /* MarvelEndpoint.swift in Sources */ = {isa = PBXBuildFile; fileRef = 17DE8CB12A96EF27007BBCCC /* MarvelEndpoint.swift */; };
		17DE8CB32A96EF27007BBCCC /* MarvelEndpoint.swift in Sources */ = {isa = PBXBuildFile; fileRef = 17DE8CB12A96EF27007BBCCC /* MarvelEndpoint.swift */; };
		17DE8CBA2A96F740007BBCCC /* ResMarvelError.swift in Sources */ = {isa = PBXBuildFile; fileRef = 17DE8CB92A96F740007BBCCC /* ResMarvelError.swift */; };
		17DE8CBB2A96F740007BBCCC /* ResMarvelError.swift in Sources */ = {isa = PBXBuildFile; fileRef = 17DE8CB92A96F740007BBCCC /* ResMarvelError.swift */; };
		17DE8CBD2A96F801007BBCCC /* ResMarvelURL.swift in Sources */ = {isa = PBXBuildFile; fileRef = 17DE8CBC2A96F801007BBCCC /* ResMarvelURL.swift */; };
		17DE8CBE2A96F801007BBCCC /* ResMarvelURL.swift in Sources */ = {isa = PBXBuildFile; fileRef = 17DE8CBC2A96F801007BBCCC /* ResMarvelURL.swift */; };
		17DE8CC02A96F8EE007BBCCC /* ResMarvelCharacter.swift in Sources */ = {isa = PBXBuildFile; fileRef = 17DE8CBF2A96F8EE007BBCCC /* ResMarvelCharacter.swift */; };
		17DE8CC12A96F8EE007BBCCC /* ResMarvelCharacter.swift in Sources */ = {isa = PBXBuildFile; fileRef = 17DE8CBF2A96F8EE007BBCCC /* ResMarvelCharacter.swift */; };
		17DE8CC42A96FA30007BBCCC /* ResMarvelImage.swift in Sources */ = {isa = PBXBuildFile; fileRef = 17DE8CC32A96FA30007BBCCC /* ResMarvelImage.swift */; };
		17DE8CC52A96FA30007BBCCC /* ResMarvelImage.swift in Sources */ = {isa = PBXBuildFile; fileRef = 17DE8CC32A96FA30007BBCCC /* ResMarvelImage.swift */; };
		17DE8CC72A96FAF9007BBCCC /* ResMarvelResourceList.swift in Sources */ = {isa = PBXBuildFile; fileRef = 17DE8CC62A96FAF9007BBCCC /* ResMarvelResourceList.swift */; };
		17DE8CC82A96FAF9007BBCCC /* ResMarvelResourceList.swift in Sources */ = {isa = PBXBuildFile; fileRef = 17DE8CC62A96FAF9007BBCCC /* ResMarvelResourceList.swift */; };
		17DE8CCA2A971F82007BBCCC /* MarvelCharacter.swift in Sources */ = {isa = PBXBuildFile; fileRef = 17DE8CC92A971F82007BBCCC /* MarvelCharacter.swift */; };
		17DE8CCB2A971F82007BBCCC /* MarvelCharacter.swift in Sources */ = {isa = PBXBuildFile; fileRef = 17DE8CC92A971F82007BBCCC /* MarvelCharacter.swift */; };
		17DE8CCD2A97209F007BBCCC /* MarvelResourceList.swift in Sources */ = {isa = PBXBuildFile; fileRef = 17DE8CCC2A97209F007BBCCC /* MarvelResourceList.swift */; };
		17DE8CCE2A97209F007BBCCC /* MarvelResourceList.swift in Sources */ = {isa = PBXBuildFile; fileRef = 17DE8CCC2A97209F007BBCCC /* MarvelResourceList.swift */; };
		17DE8CD02A972159007BBCCC /* PagedList.swift in Sources */ = {isa = PBXBuildFile; fileRef = 17DE8CCF2A972159007BBCCC /* PagedList.swift */; };
		17DE8CD12A972159007BBCCC /* PagedList.swift in Sources */ = {isa = PBXBuildFile; fileRef = 17DE8CCF2A972159007BBCCC /* PagedList.swift */; };
		17DE8CD72A9744B3007BBCCC /* HttpMethod.swift in Sources */ = {isa = PBXBuildFile; fileRef = 17DE8CD62A9744B3007BBCCC /* HttpMethod.swift */; };
		17DE8CD82A9744B3007BBCCC /* HttpMethod.swift in Sources */ = {isa = PBXBuildFile; fileRef = 17DE8CD62A9744B3007BBCCC /* HttpMethod.swift */; };
		17DE8CDD2A974764007BBCCC /* Resource.swift in Sources */ = {isa = PBXBuildFile; fileRef = 17DE8CDC2A974764007BBCCC /* Resource.swift */; };
		17DE8CDE2A974764007BBCCC /* Resource.swift in Sources */ = {isa = PBXBuildFile; fileRef = 17DE8CDC2A974764007BBCCC /* Resource.swift */; };
		17DE8CE02A9749E2007BBCCC /* ApiResource.swift in Sources */ = {isa = PBXBuildFile; fileRef = 17DE8CDF2A9749E2007BBCCC /* ApiResource.swift */; };
		17DE8CE12A9749E2007BBCCC /* ApiResource.swift in Sources */ = {isa = PBXBuildFile; fileRef = 17DE8CDF2A9749E2007BBCCC /* ApiResource.swift */; };
		17DE8CE32A975122007BBCCC /* MarvelApi.swift in Sources */ = {isa = PBXBuildFile; fileRef = 17DE8CE22A975122007BBCCC /* MarvelApi.swift */; };
		17DE8CE42A975122007BBCCC /* MarvelApi.swift in Sources */ = {isa = PBXBuildFile; fileRef = 17DE8CE22A975122007BBCCC /* MarvelApi.swift */; };
		17DE8CE82A9759A9007BBCCC /* ResMarvelComic.swift in Sources */ = {isa = PBXBuildFile; fileRef = 17DE8CE72A9759A9007BBCCC /* ResMarvelComic.swift */; };
		17DE8CE92A9759A9007BBCCC /* ResMarvelComic.swift in Sources */ = {isa = PBXBuildFile; fileRef = 17DE8CE72A9759A9007BBCCC /* ResMarvelComic.swift */; };
		17DE8CEB2A975B49007BBCCC /* NetworkClient.swift in Sources */ = {isa = PBXBuildFile; fileRef = 17DE8CEA2A975B49007BBCCC /* NetworkClient.swift */; };
		17DE8CEC2A975B49007BBCCC /* NetworkClient.swift in Sources */ = {isa = PBXBuildFile; fileRef = 17DE8CEA2A975B49007BBCCC /* NetworkClient.swift */; };
		17DE8CEE2A975E78007BBCCC /* ResMarvelText.swift in Sources */ = {isa = PBXBuildFile; fileRef = 17DE8CED2A975E78007BBCCC /* ResMarvelText.swift */; };
		17DE8CEF2A975E78007BBCCC /* ResMarvelText.swift in Sources */ = {isa = PBXBuildFile; fileRef = 17DE8CED2A975E78007BBCCC /* ResMarvelText.swift */; };
		17E098892A965F8D00178398 /* AppDelegate.swift in Sources */ = {isa = PBXBuildFile; fileRef = 17E098882A965F8D00178398 /* AppDelegate.swift */; };
		17E0988B2A965F8D00178398 /* SceneDelegate.swift in Sources */ = {isa = PBXBuildFile; fileRef = 17E0988A2A965F8D00178398 /* SceneDelegate.swift */; };
		17E0988D2A965F8D00178398 /* MainViewController.swift in Sources */ = {isa = PBXBuildFile; fileRef = 17E0988C2A965F8D00178398 /* MainViewController.swift */; };
		17E098922A965F8E00178398 /* Assets.xcassets in Resources */ = {isa = PBXBuildFile; fileRef = 17E098912A965F8E00178398 /* Assets.xcassets */; };
		17E098952A965F8E00178398 /* LaunchScreen.storyboard in Resources */ = {isa = PBXBuildFile; fileRef = 17E098932A965F8E00178398 /* LaunchScreen.storyboard */; };
		17E098A02A965F8E00178398 /* ResMarvelContainerTests.swift in Sources */ = {isa = PBXBuildFile; fileRef = 17E0989F2A965F8E00178398 /* ResMarvelContainerTests.swift */; };
		17E098AA2A965F8E00178398 /* AppUITests.swift in Sources */ = {isa = PBXBuildFile; fileRef = 17E098A92A965F8E00178398 /* AppUITests.swift */; };
		17E098AC2A965F8E00178398 /* AppUITestsLaunchTests.swift in Sources */ = {isa = PBXBuildFile; fileRef = 17E098AB2A965F8E00178398 /* AppUITestsLaunchTests.swift */; };
		17E098BB2A9666E700178398 /* UIView+AutoLayout.swift in Sources */ = {isa = PBXBuildFile; fileRef = 17E098BA2A9666E700178398 /* UIView+AutoLayout.swift */; };
		17E098BD2A966A6D00178398 /* Env.swift in Sources */ = {isa = PBXBuildFile; fileRef = 17E098BC2A966A6D00178398 /* Env.swift */; };
/* End PBXBuildFile section */

/* Begin PBXContainerItemProxy section */
		17E0989C2A965F8E00178398 /* PBXContainerItemProxy */ = {
			isa = PBXContainerItemProxy;
			containerPortal = 17E0987D2A965F8D00178398 /* Project object */;
			proxyType = 1;
			remoteGlobalIDString = 17E098842A965F8D00178398;
			remoteInfo = KisTest;
		};
		17E098A62A965F8E00178398 /* PBXContainerItemProxy */ = {
			isa = PBXContainerItemProxy;
			containerPortal = 17E0987D2A965F8D00178398 /* Project object */;
			proxyType = 1;
			remoteGlobalIDString = 17E098842A965F8D00178398;
			remoteInfo = KisTest;
		};
/* End PBXContainerItemProxy section */

/* Begin PBXFileReference section */
		1763B6FA2A9822430019F86D /* MarvelComic.swift */ = {isa = PBXFileReference; lastKnownFileType = sourcecode.swift; path = MarvelComic.swift; sourceTree = "<group>"; };
		1763B6FD2A9892120019F86D /* ApiResourceDataService.swift */ = {isa = PBXFileReference; lastKnownFileType = sourcecode.swift; path = ApiResourceDataService.swift; sourceTree = "<group>"; };
		1763B7002A98A14C0019F86D /* ApiEndpoint.swift */ = {isa = PBXFileReference; lastKnownFileType = sourcecode.swift; path = ApiEndpoint.swift; sourceTree = "<group>"; };
		1763B7042A98ACD10019F86D /* AlarmoLogger.swift */ = {isa = PBXFileReference; lastKnownFileType = sourcecode.swift; path = AlarmoLogger.swift; sourceTree = "<group>"; };
		1763B7082A98CB500019F86D /* AppError.swift */ = {isa = PBXFileReference; lastKnownFileType = sourcecode.swift; path = AppError.swift; sourceTree = "<group>"; };
		1763B70C2A9907A80019F86D /* ResponseDecoder.swift */ = {isa = PBXFileReference; lastKnownFileType = sourcecode.swift; path = ResponseDecoder.swift; sourceTree = "<group>"; };
		1763B7112A990C420019F86D /* CharactorsRepository.swift */ = {isa = PBXFileReference; lastKnownFileType = sourcecode.swift; path = CharactorsRepository.swift; sourceTree = "<group>"; };
		1763B7152A990CA90019F86D /* ComicsRepository.swift */ = {isa = PBXFileReference; lastKnownFileType = sourcecode.swift; path = ComicsRepository.swift; sourceTree = "<group>"; };
		17DE8CA52A96E8A2007BBCCC /* ResMarvelResults.swift */ = {isa = PBXFileReference; lastKnownFileType = sourcecode.swift; path = ResMarvelResults.swift; sourceTree = "<group>"; };
		17DE8CB12A96EF27007BBCCC /* MarvelEndpoint.swift */ = {isa = PBXFileReference; lastKnownFileType = sourcecode.swift; path = MarvelEndpoint.swift; sourceTree = "<group>"; };
		17DE8CB92A96F740007BBCCC /* ResMarvelError.swift */ = {isa = PBXFileReference; lastKnownFileType = sourcecode.swift; path = ResMarvelError.swift; sourceTree = "<group>"; };
		17DE8CBC2A96F801007BBCCC /* ResMarvelURL.swift */ = {isa = PBXFileReference; lastKnownFileType = sourcecode.swift; path = ResMarvelURL.swift; sourceTree = "<group>"; };
		17DE8CBF2A96F8EE007BBCCC /* ResMarvelCharacter.swift */ = {isa = PBXFileReference; lastKnownFileType = sourcecode.swift; path = ResMarvelCharacter.swift; sourceTree = "<group>"; };
		17DE8CC32A96FA30007BBCCC /* ResMarvelImage.swift */ = {isa = PBXFileReference; lastKnownFileType = sourcecode.swift; path = ResMarvelImage.swift; sourceTree = "<group>"; };
		17DE8CC62A96FAF9007BBCCC /* ResMarvelResourceList.swift */ = {isa = PBXFileReference; lastKnownFileType = sourcecode.swift; path = ResMarvelResourceList.swift; sourceTree = "<group>"; };
		17DE8CC92A971F82007BBCCC /* MarvelCharacter.swift */ = {isa = PBXFileReference; lastKnownFileType = sourcecode.swift; path = MarvelCharacter.swift; sourceTree = "<group>"; };
		17DE8CCC2A97209F007BBCCC /* MarvelResourceList.swift */ = {isa = PBXFileReference; lastKnownFileType = sourcecode.swift; path = MarvelResourceList.swift; sourceTree = "<group>"; };
		17DE8CCF2A972159007BBCCC /* PagedList.swift */ = {isa = PBXFileReference; lastKnownFileType = sourcecode.swift; path = PagedList.swift; sourceTree = "<group>"; };
		17DE8CD62A9744B3007BBCCC /* HttpMethod.swift */ = {isa = PBXFileReference; lastKnownFileType = sourcecode.swift; path = HttpMethod.swift; sourceTree = "<group>"; };
		17DE8CDC2A974764007BBCCC /* Resource.swift */ = {isa = PBXFileReference; lastKnownFileType = sourcecode.swift; path = Resource.swift; sourceTree = "<group>"; };
		17DE8CDF2A9749E2007BBCCC /* ApiResource.swift */ = {isa = PBXFileReference; lastKnownFileType = sourcecode.swift; path = ApiResource.swift; sourceTree = "<group>"; };
		17DE8CE22A975122007BBCCC /* MarvelApi.swift */ = {isa = PBXFileReference; lastKnownFileType = sourcecode.swift; path = MarvelApi.swift; sourceTree = "<group>"; };
		17DE8CE72A9759A9007BBCCC /* ResMarvelComic.swift */ = {isa = PBXFileReference; lastKnownFileType = sourcecode.swift; path = ResMarvelComic.swift; sourceTree = "<group>"; };
		17DE8CEA2A975B49007BBCCC /* NetworkClient.swift */ = {isa = PBXFileReference; lastKnownFileType = sourcecode.swift; path = NetworkClient.swift; sourceTree = "<group>"; };
		17DE8CED2A975E78007BBCCC /* ResMarvelText.swift */ = {isa = PBXFileReference; lastKnownFileType = sourcecode.swift; path = ResMarvelText.swift; sourceTree = "<group>"; };
		17E098852A965F8D00178398 /* App.app */ = {isa = PBXFileReference; explicitFileType = wrapper.application; includeInIndex = 0; path = App.app; sourceTree = BUILT_PRODUCTS_DIR; };
		17E098882A965F8D00178398 /* AppDelegate.swift */ = {isa = PBXFileReference; lastKnownFileType = sourcecode.swift; path = AppDelegate.swift; sourceTree = "<group>"; };
		17E0988A2A965F8D00178398 /* SceneDelegate.swift */ = {isa = PBXFileReference; lastKnownFileType = sourcecode.swift; path = SceneDelegate.swift; sourceTree = "<group>"; };
		17E0988C2A965F8D00178398 /* MainViewController.swift */ = {isa = PBXFileReference; lastKnownFileType = sourcecode.swift; path = MainViewController.swift; sourceTree = "<group>"; };
		17E098912A965F8E00178398 /* Assets.xcassets */ = {isa = PBXFileReference; lastKnownFileType = folder.assetcatalog; path = Assets.xcassets; sourceTree = "<group>"; };
		17E098942A965F8E00178398 /* Base */ = {isa = PBXFileReference; lastKnownFileType = file.storyboard; name = Base; path = Base.lproj/LaunchScreen.storyboard; sourceTree = "<group>"; };
		17E098962A965F8E00178398 /* Info.plist */ = {isa = PBXFileReference; lastKnownFileType = text.plist.xml; path = Info.plist; sourceTree = "<group>"; };
		17E0989B2A965F8E00178398 /* AppTests.xctest */ = {isa = PBXFileReference; explicitFileType = wrapper.cfbundle; includeInIndex = 0; path = AppTests.xctest; sourceTree = BUILT_PRODUCTS_DIR; };
		17E0989F2A965F8E00178398 /* ResMarvelContainerTests.swift */ = {isa = PBXFileReference; lastKnownFileType = sourcecode.swift; path = ResMarvelContainerTests.swift; sourceTree = "<group>"; };
		17E098A52A965F8E00178398 /* AppUITests.xctest */ = {isa = PBXFileReference; explicitFileType = wrapper.cfbundle; includeInIndex = 0; path = AppUITests.xctest; sourceTree = BUILT_PRODUCTS_DIR; };
		17E098A92A965F8E00178398 /* AppUITests.swift */ = {isa = PBXFileReference; lastKnownFileType = sourcecode.swift; path = AppUITests.swift; sourceTree = "<group>"; };
		17E098AB2A965F8E00178398 /* AppUITestsLaunchTests.swift */ = {isa = PBXFileReference; lastKnownFileType = sourcecode.swift; path = AppUITestsLaunchTests.swift; sourceTree = "<group>"; };
		17E098BA2A9666E700178398 /* UIView+AutoLayout.swift */ = {isa = PBXFileReference; lastKnownFileType = sourcecode.swift; path = "UIView+AutoLayout.swift"; sourceTree = "<group>"; };
		17E098BC2A966A6D00178398 /* Env.swift */ = {isa = PBXFileReference; lastKnownFileType = sourcecode.swift; path = Env.swift; sourceTree = "<group>"; };
/* End PBXFileReference section */

/* Begin PBXFrameworksBuildPhase section */
		17E098822A965F8D00178398 /* Frameworks */ = {
			isa = PBXFrameworksBuildPhase;
			buildActionMask = 2147483647;
			files = (
				17DE8CAD2A96EADE007BBCCC /* Kingfisher in Frameworks */,
				17DE8CAA2A96EAAC007BBCCC /* Alamofire in Frameworks */,
			);
			runOnlyForDeploymentPostprocessing = 0;
		};
		17E098982A965F8E00178398 /* Frameworks */ = {
			isa = PBXFrameworksBuildPhase;
			buildActionMask = 2147483647;
			files = (
			);
			runOnlyForDeploymentPostprocessing = 0;
		};
		17E098A22A965F8E00178398 /* Frameworks */ = {
			isa = PBXFrameworksBuildPhase;
			buildActionMask = 2147483647;
			files = (
			);
			runOnlyForDeploymentPostprocessing = 0;
		};
/* End PBXFrameworksBuildPhase section */

/* Begin PBXGroup section */
		1763B7102A990C080019F86D /* Repositories */ = {
			isa = PBXGroup;
			children = (
				1763B7112A990C420019F86D /* CharactorsRepository.swift */,
				1763B7152A990CA90019F86D /* ComicsRepository.swift */,
			);
			path = Repositories;
			sourceTree = "<group>";
		};
		17DE8CA42A96E83B007BBCCC /* Data */ = {
			isa = PBXGroup;
			children = (
				17DE8CB02A96EEEC007BBCCC /* Network */,
			);
			path = Data;
			sourceTree = "<group>";
		};
		17DE8CAE2A96EDAD007BBCCC /* Page */ = {
			isa = PBXGroup;
			children = (
				17E0988C2A965F8D00178398 /* MainViewController.swift */,
				17E098932A965F8E00178398 /* LaunchScreen.storyboard */,
			);
			path = Page;
			sourceTree = "<group>";
		};
		17DE8CAF2A96EDDE007BBCCC /* Domain */ = {
			isa = PBXGroup;
			children = (
				1763B7102A990C080019F86D /* Repositories */,
				17DE8CCF2A972159007BBCCC /* PagedList.swift */,
				17DE8CB42A96F52A007BBCCC /* Entities */,
			);
			path = Domain;
			sourceTree = "<group>";
		};
		17DE8CB02A96EEEC007BBCCC /* Network */ = {
			isa = PBXGroup;
			children = (
				17DE8CB52A96F582007BBCCC /* Responses */,
				17DE8CB12A96EF27007BBCCC /* MarvelEndpoint.swift */,
				17DE8CE22A975122007BBCCC /* MarvelApi.swift */,
			);
			path = Network;
			sourceTree = "<group>";
		};
		17DE8CB42A96F52A007BBCCC /* Entities */ = {
			isa = PBXGroup;
			children = (
				17DE8CC92A971F82007BBCCC /* MarvelCharacter.swift */,
				17DE8CCC2A97209F007BBCCC /* MarvelResourceList.swift */,
				1763B6FA2A9822430019F86D /* MarvelComic.swift */,
			);
			path = Entities;
			sourceTree = "<group>";
		};
		17DE8CB52A96F582007BBCCC /* Responses */ = {
			isa = PBXGroup;
			children = (
				17DE8CBF2A96F8EE007BBCCC /* ResMarvelCharacter.swift */,
				17DE8CE72A9759A9007BBCCC /* ResMarvelComic.swift */,
				17DE8CB92A96F740007BBCCC /* ResMarvelError.swift */,
				17DE8CC32A96FA30007BBCCC /* ResMarvelImage.swift */,
				17DE8CC62A96FAF9007BBCCC /* ResMarvelResourceList.swift */,
				17DE8CA52A96E8A2007BBCCC /* ResMarvelResults.swift */,
				17DE8CBC2A96F801007BBCCC /* ResMarvelURL.swift */,
				17DE8CED2A975E78007BBCCC /* ResMarvelText.swift */,
			);
			path = Responses;
			sourceTree = "<group>";
		};
		17DE8CC22A96F935007BBCCC /* Application */ = {
			isa = PBXGroup;
			children = (
				17E098BC2A966A6D00178398 /* Env.swift */,
				17E098882A965F8D00178398 /* AppDelegate.swift */,
				17E0988A2A965F8D00178398 /* SceneDelegate.swift */,
				17E098912A965F8E00178398 /* Assets.xcassets */,
				17E098962A965F8E00178398 /* Info.plist */,
			);
			path = Application;
			sourceTree = "<group>";
		};
		17DE8CE52A9751D6007BBCCC /* Infra */ = {
			isa = PBXGroup;
			children = (
				17DE8CE62A9751ED007BBCCC /* Network */,
				1763B7082A98CB500019F86D /* AppError.swift */,
			);
			path = Infra;
			sourceTree = "<group>";
		};
		17DE8CE62A9751ED007BBCCC /* Network */ = {
			isa = PBXGroup;
			children = (
				1763B7042A98ACD10019F86D /* AlarmoLogger.swift */,
				1763B7002A98A14C0019F86D /* ApiEndpoint.swift */,
				17DE8CDF2A9749E2007BBCCC /* ApiResource.swift */,
				1763B6FD2A9892120019F86D /* ApiResourceDataService.swift */,
				17DE8CD62A9744B3007BBCCC /* HttpMethod.swift */,
				17DE8CEA2A975B49007BBCCC /* NetworkClient.swift */,
				17DE8CDC2A974764007BBCCC /* Resource.swift */,
				1763B70C2A9907A80019F86D /* ResponseDecoder.swift */,
			);
			path = Network;
			sourceTree = "<group>";
		};
		17E0987C2A965F8D00178398 = {
			isa = PBXGroup;
			children = (
				17E098872A965F8D00178398 /* App */,
				17E0989E2A965F8E00178398 /* AppTests */,
				17E098A82A965F8E00178398 /* AppUITests */,
				17E098862A965F8D00178398 /* Products */,
			);
			sourceTree = "<group>";
		};
		17E098862A965F8D00178398 /* Products */ = {
			isa = PBXGroup;
			children = (
				17E098852A965F8D00178398 /* App.app */,
				17E0989B2A965F8E00178398 /* AppTests.xctest */,
				17E098A52A965F8E00178398 /* AppUITests.xctest */,
			);
			name = Products;
			sourceTree = "<group>";
		};
		17E098872A965F8D00178398 /* App */ = {
			isa = PBXGroup;
			children = (
				17DE8CC22A96F935007BBCCC /* Application */,
				17DE8CA42A96E83B007BBCCC /* Data */,
				17DE8CAF2A96EDDE007BBCCC /* Domain */,
				17DE8CE52A9751D6007BBCCC /* Infra */,
				17DE8CAE2A96EDAD007BBCCC /* Page */,
				17E098B92A96668000178398 /* Support */,
			);
			path = App;
			sourceTree = "<group>";
		};
		17E0989E2A965F8E00178398 /* AppTests */ = {
			isa = PBXGroup;
			children = (
				17E0989F2A965F8E00178398 /* ResMarvelContainerTests.swift */,
			);
			path = AppTests;
			sourceTree = "<group>";
		};
		17E098A82A965F8E00178398 /* AppUITests */ = {
			isa = PBXGroup;
			children = (
				17E098A92A965F8E00178398 /* AppUITests.swift */,
				17E098AB2A965F8E00178398 /* AppUITestsLaunchTests.swift */,
			);
			path = AppUITests;
			sourceTree = "<group>";
		};
		17E098B92A96668000178398 /* Support */ = {
			isa = PBXGroup;
			children = (
				17E098BA2A9666E700178398 /* UIView+AutoLayout.swift */,
			);
			path = Support;
			sourceTree = "<group>";
		};
/* End PBXGroup section */

/* Begin PBXNativeTarget section */
		17E098842A965F8D00178398 /* App */ = {
			isa = PBXNativeTarget;
			buildConfigurationList = 17E098AF2A965F8E00178398 /* Build configuration list for PBXNativeTarget "App" */;
			buildPhases = (
				17E098812A965F8D00178398 /* Sources */,
				17E098822A965F8D00178398 /* Frameworks */,
				17E098832A965F8D00178398 /* Resources */,
			);
			buildRules = (
			);
			dependencies = (
			);
			name = App;
			packageProductDependencies = (
				17DE8CA92A96EAAC007BBCCC /* Alamofire */,
				17DE8CAC2A96EADE007BBCCC /* Kingfisher */,
			);
			productName = KisTest;
			productReference = 17E098852A965F8D00178398 /* App.app */;
			productType = "com.apple.product-type.application";
		};
		17E0989A2A965F8E00178398 /* AppTests */ = {
			isa = PBXNativeTarget;
			buildConfigurationList = 17E098B22A965F8E00178398 /* Build configuration list for PBXNativeTarget "AppTests" */;
			buildPhases = (
				17E098972A965F8E00178398 /* Sources */,
				17E098982A965F8E00178398 /* Frameworks */,
				17E098992A965F8E00178398 /* Resources */,
			);
			buildRules = (
			);
			dependencies = (
				17E0989D2A965F8E00178398 /* PBXTargetDependency */,
			);
			name = AppTests;
			productName = KisTestTests;
			productReference = 17E0989B2A965F8E00178398 /* AppTests.xctest */;
			productType = "com.apple.product-type.bundle.unit-test";
		};
		17E098A42A965F8E00178398 /* AppUITests */ = {
			isa = PBXNativeTarget;
			buildConfigurationList = 17E098B52A965F8E00178398 /* Build configuration list for PBXNativeTarget "AppUITests" */;
			buildPhases = (
				17E098A12A965F8E00178398 /* Sources */,
				17E098A22A965F8E00178398 /* Frameworks */,
				17E098A32A965F8E00178398 /* Resources */,
			);
			buildRules = (
			);
			dependencies = (
				17E098A72A965F8E00178398 /* PBXTargetDependency */,
			);
			name = AppUITests;
			productName = KisTestUITests;
			productReference = 17E098A52A965F8E00178398 /* AppUITests.xctest */;
			productType = "com.apple.product-type.bundle.ui-testing";
		};
/* End PBXNativeTarget section */

/* Begin PBXProject section */
		17E0987D2A965F8D00178398 /* Project object */ = {
			isa = PBXProject;
			attributes = {
				BuildIndependentTargetsInParallel = 1;
				LastSwiftUpdateCheck = 1430;
				LastUpgradeCheck = 1430;
				TargetAttributes = {
					17E098842A965F8D00178398 = {
						CreatedOnToolsVersion = 14.3.1;
					};
					17E0989A2A965F8E00178398 = {
						CreatedOnToolsVersion = 14.3.1;
						TestTargetID = 17E098842A965F8D00178398;
					};
					17E098A42A965F8E00178398 = {
						CreatedOnToolsVersion = 14.3.1;
						TestTargetID = 17E098842A965F8D00178398;
					};
				};
			};
			buildConfigurationList = 17E098802A965F8D00178398 /* Build configuration list for PBXProject "KisTest" */;
			compatibilityVersion = "Xcode 14.0";
			developmentRegion = en;
			hasScannedForEncodings = 0;
			knownRegions = (
				en,
				Base,
			);
			mainGroup = 17E0987C2A965F8D00178398;
			packageReferences = (
				17DE8CA82A96EAAC007BBCCC /* XCRemoteSwiftPackageReference "Alamofire" */,
				17DE8CAB2A96EADE007BBCCC /* XCRemoteSwiftPackageReference "Kingfisher" */,
			);
			productRefGroup = 17E098862A965F8D00178398 /* Products */;
			projectDirPath = "";
			projectRoot = "";
			targets = (
				17E098842A965F8D00178398 /* App */,
				17E0989A2A965F8E00178398 /* AppTests */,
				17E098A42A965F8E00178398 /* AppUITests */,
			);
		};
/* End PBXProject section */

/* Begin PBXResourcesBuildPhase section */
		17E098832A965F8D00178398 /* Resources */ = {
			isa = PBXResourcesBuildPhase;
			buildActionMask = 2147483647;
			files = (
				17E098952A965F8E00178398 /* LaunchScreen.storyboard in Resources */,
				17E098922A965F8E00178398 /* Assets.xcassets in Resources */,
			);
			runOnlyForDeploymentPostprocessing = 0;
		};
		17E098992A965F8E00178398 /* Resources */ = {
			isa = PBXResourcesBuildPhase;
			buildActionMask = 2147483647;
			files = (
			);
			runOnlyForDeploymentPostprocessing = 0;
		};
		17E098A32A965F8E00178398 /* Resources */ = {
			isa = PBXResourcesBuildPhase;
			buildActionMask = 2147483647;
			files = (
			);
			runOnlyForDeploymentPostprocessing = 0;
		};
/* End PBXResourcesBuildPhase section */

/* Begin PBXSourcesBuildPhase section */
		17E098812A965F8D00178398 /* Sources */ = {
			isa = PBXSourcesBuildPhase;
			buildActionMask = 2147483647;
			files = (
				17DE8CCA2A971F82007BBCCC /* MarvelCharacter.swift in Sources */,
				17DE8CBA2A96F740007BBCCC /* ResMarvelError.swift in Sources */,
				17DE8CEE2A975E78007BBCCC /* ResMarvelText.swift in Sources */,
				17DE8CBD2A96F801007BBCCC /* ResMarvelURL.swift in Sources */,
				17E098BD2A966A6D00178398 /* Env.swift in Sources */,
				17DE8CA62A96E8A2007BBCCC /* ResMarvelResults.swift in Sources */,
				17DE8CC42A96FA30007BBCCC /* ResMarvelImage.swift in Sources */,
				17DE8CB22A96EF27007BBCCC /* MarvelEndpoint.swift in Sources */,
				17DE8CE82A9759A9007BBCCC /* ResMarvelComic.swift in Sources */,
				1763B7012A98A14C0019F86D /* ApiEndpoint.swift in Sources */,
				17DE8CD72A9744B3007BBCCC /* HttpMethod.swift in Sources */,
				17DE8CD02A972159007BBCCC /* PagedList.swift in Sources */,
				17DE8CC72A96FAF9007BBCCC /* ResMarvelResourceList.swift in Sources */,
				1763B7122A990C420019F86D /* CharactorsRepository.swift in Sources */,
				1763B6FE2A9892120019F86D /* ApiResourceDataService.swift in Sources */,
				17DE8CEB2A975B49007BBCCC /* NetworkClient.swift in Sources */,
				17DE8CE32A975122007BBCCC /* MarvelApi.swift in Sources */,
				17DE8CDD2A974764007BBCCC /* Resource.swift in Sources */,
				17E098BB2A9666E700178398 /* UIView+AutoLayout.swift in Sources */,
				17E0988D2A965F8D00178398 /* MainViewController.swift in Sources */,
				1763B7052A98ACD10019F86D /* AlarmoLogger.swift in Sources */,
				1763B7092A98CB500019F86D /* AppError.swift in Sources */,
				17DE8CC02A96F8EE007BBCCC /* ResMarvelCharacter.swift in Sources */,
				17E098892A965F8D00178398 /* AppDelegate.swift in Sources */,
				17DE8CCD2A97209F007BBCCC /* MarvelResourceList.swift in Sources */,
				1763B7162A990CA90019F86D /* ComicsRepository.swift in Sources */,
				1763B6FB2A9822430019F86D /* MarvelComic.swift in Sources */,
				1763B70D2A9907A80019F86D /* ResponseDecoder.swift in Sources */,
				17E0988B2A965F8D00178398 /* SceneDelegate.swift in Sources */,
				17DE8CE02A9749E2007BBCCC /* ApiResource.swift in Sources */,
			);
			runOnlyForDeploymentPostprocessing = 0;
		};
		17E098972A965F8E00178398 /* Sources */ = {
			isa = PBXSourcesBuildPhase;
			buildActionMask = 2147483647;
			files = (
				17DE8CD12A972159007BBCCC /* PagedList.swift in Sources */,
				17DE8CCE2A97209F007BBCCC /* MarvelResourceList.swift in Sources */,
				1763B7132A990C420019F86D /* CharactorsRepository.swift in Sources */,
				1763B6FC2A9822430019F86D /* MarvelComic.swift in Sources */,
				1763B7022A98A14C0019F86D /* ApiEndpoint.swift in Sources */,
				1763B70A2A98CB500019F86D /* AppError.swift in Sources */,
				17DE8CBE2A96F801007BBCCC /* ResMarvelURL.swift in Sources */,
				1763B7062A98ACD10019F86D /* AlarmoLogger.swift in Sources */,
				17E098A02A965F8E00178398 /* ResMarvelContainerTests.swift in Sources */,
				17DE8CCB2A971F82007BBCCC /* MarvelCharacter.swift in Sources */,
				17DE8CBB2A96F740007BBCCC /* ResMarvelError.swift in Sources */,
				17DE8CC12A96F8EE007BBCCC /* ResMarvelCharacter.swift in Sources */,
				17DE8CB32A96EF27007BBCCC /* MarvelEndpoint.swift in Sources */,
				17DE8CA72A96E8A2007BBCCC /* ResMarvelResults.swift in Sources */,
				17DE8CC82A96FAF9007BBCCC /* ResMarvelResourceList.swift in Sources */,
				1763B6FF2A9892120019F86D /* ApiResourceDataService.swift in Sources */,
				1763B7172A990CA90019F86D /* ComicsRepository.swift in Sources */,
				17DE8CC52A96FA30007BBCCC /* ResMarvelImage.swift in Sources */,
				1763B70E2A9907A80019F86D /* ResponseDecoder.swift in Sources */,
			);
			runOnlyForDeploymentPostprocessing = 0;
		};
		17E098A12A965F8E00178398 /* Sources */ = {
			isa = PBXSourcesBuildPhase;
			buildActionMask = 2147483647;
			files = (
				17DE8CD82A9744B3007BBCCC /* HttpMethod.swift in Sources */,
				17DE8CE12A9749E2007BBCCC /* ApiResource.swift in Sources */,
				17DE8CEF2A975E78007BBCCC /* ResMarvelText.swift in Sources */,
				17E098AC2A965F8E00178398 /* AppUITestsLaunchTests.swift in Sources */,
				17DE8CE42A975122007BBCCC /* MarvelApi.swift in Sources */,
				17DE8CE92A9759A9007BBCCC /* ResMarvelComic.swift in Sources */,
				17DE8CDE2A974764007BBCCC /* Resource.swift in Sources */,
				17E098AA2A965F8E00178398 /* AppUITests.swift in Sources */,
				1763B7142A990C420019F86D /* CharactorsRepository.swift in Sources */,
				1763B70B2A98CB500019F86D /* AppError.swift in Sources */,
				1763B7182A990CA90019F86D /* ComicsRepository.swift in Sources */,
				17DE8CEC2A975B49007BBCCC /* NetworkClient.swift in Sources */,
				1763B7072A98ACD10019F86D /* AlarmoLogger.swift in Sources */,
				1763B7032A98A14C0019F86D /* ApiEndpoint.swift in Sources */,
				1763B70F2A9907A80019F86D /* ResponseDecoder.swift in Sources */,
			);
			runOnlyForDeploymentPostprocessing = 0;
		};
/* End PBXSourcesBuildPhase section */

/* Begin PBXTargetDependency section */
		17E0989D2A965F8E00178398 /* PBXTargetDependency */ = {
			isa = PBXTargetDependency;
			target = 17E098842A965F8D00178398 /* App */;
			targetProxy = 17E0989C2A965F8E00178398 /* PBXContainerItemProxy */;
		};
		17E098A72A965F8E00178398 /* PBXTargetDependency */ = {
			isa = PBXTargetDependency;
			target = 17E098842A965F8D00178398 /* App */;
			targetProxy = 17E098A62A965F8E00178398 /* PBXContainerItemProxy */;
		};
/* End PBXTargetDependency section */

/* Begin PBXVariantGroup section */
		17E098932A965F8E00178398 /* LaunchScreen.storyboard */ = {
			isa = PBXVariantGroup;
			children = (
				17E098942A965F8E00178398 /* Base */,
			);
			name = LaunchScreen.storyboard;
			sourceTree = "<group>";
		};
/* End PBXVariantGroup section */

/* Begin XCBuildConfiguration section */
		17E098AD2A965F8E00178398 /* Debug */ = {
			isa = XCBuildConfiguration;
			buildSettings = {
				ALWAYS_SEARCH_USER_PATHS = NO;
				CLANG_ANALYZER_NONNULL = YES;
				CLANG_ANALYZER_NUMBER_OBJECT_CONVERSION = YES_AGGRESSIVE;
				CLANG_CXX_LANGUAGE_STANDARD = "gnu++20";
				CLANG_ENABLE_MODULES = YES;
				CLANG_ENABLE_OBJC_ARC = YES;
				CLANG_ENABLE_OBJC_WEAK = YES;
				CLANG_WARN_BLOCK_CAPTURE_AUTORELEASING = YES;
				CLANG_WARN_BOOL_CONVERSION = YES;
				CLANG_WARN_COMMA = YES;
				CLANG_WARN_CONSTANT_CONVERSION = YES;
				CLANG_WARN_DEPRECATED_OBJC_IMPLEMENTATIONS = YES;
				CLANG_WARN_DIRECT_OBJC_ISA_USAGE = YES_ERROR;
				CLANG_WARN_DOCUMENTATION_COMMENTS = YES;
				CLANG_WARN_EMPTY_BODY = YES;
				CLANG_WARN_ENUM_CONVERSION = YES;
				CLANG_WARN_INFINITE_RECURSION = YES;
				CLANG_WARN_INT_CONVERSION = YES;
				CLANG_WARN_NON_LITERAL_NULL_CONVERSION = YES;
				CLANG_WARN_OBJC_IMPLICIT_RETAIN_SELF = YES;
				CLANG_WARN_OBJC_LITERAL_CONVERSION = YES;
				CLANG_WARN_OBJC_ROOT_CLASS = YES_ERROR;
				CLANG_WARN_QUOTED_INCLUDE_IN_FRAMEWORK_HEADER = YES;
				CLANG_WARN_RANGE_LOOP_ANALYSIS = YES;
				CLANG_WARN_STRICT_PROTOTYPES = YES;
				CLANG_WARN_SUSPICIOUS_MOVE = YES;
				CLANG_WARN_UNGUARDED_AVAILABILITY = YES_AGGRESSIVE;
				CLANG_WARN_UNREACHABLE_CODE = YES;
				CLANG_WARN__DUPLICATE_METHOD_MATCH = YES;
				COPY_PHASE_STRIP = NO;
				DEBUG_INFORMATION_FORMAT = dwarf;
				ENABLE_STRICT_OBJC_MSGSEND = YES;
				ENABLE_TESTABILITY = YES;
				GCC_C_LANGUAGE_STANDARD = gnu11;
				GCC_DYNAMIC_NO_PIC = NO;
				GCC_NO_COMMON_BLOCKS = YES;
				GCC_OPTIMIZATION_LEVEL = 0;
				GCC_PREPROCESSOR_DEFINITIONS = (
					"DEBUG=1",
					"$(inherited)",
				);
				GCC_WARN_64_TO_32_BIT_CONVERSION = YES;
				GCC_WARN_ABOUT_RETURN_TYPE = YES_ERROR;
				GCC_WARN_UNDECLARED_SELECTOR = YES;
				GCC_WARN_UNINITIALIZED_AUTOS = YES_AGGRESSIVE;
				GCC_WARN_UNUSED_FUNCTION = YES;
				GCC_WARN_UNUSED_VARIABLE = YES;
				IPHONEOS_DEPLOYMENT_TARGET = 16.0;
				MTL_ENABLE_DEBUG_INFO = INCLUDE_SOURCE;
				MTL_FAST_MATH = YES;
				ONLY_ACTIVE_ARCH = YES;
				SDKROOT = iphoneos;
				SWIFT_ACTIVE_COMPILATION_CONDITIONS = DEBUG;
				SWIFT_OPTIMIZATION_LEVEL = "-Onone";
			};
			name = Debug;
		};
		17E098AE2A965F8E00178398 /* Release */ = {
			isa = XCBuildConfiguration;
			buildSettings = {
				ALWAYS_SEARCH_USER_PATHS = NO;
				CLANG_ANALYZER_NONNULL = YES;
				CLANG_ANALYZER_NUMBER_OBJECT_CONVERSION = YES_AGGRESSIVE;
				CLANG_CXX_LANGUAGE_STANDARD = "gnu++20";
				CLANG_ENABLE_MODULES = YES;
				CLANG_ENABLE_OBJC_ARC = YES;
				CLANG_ENABLE_OBJC_WEAK = YES;
				CLANG_WARN_BLOCK_CAPTURE_AUTORELEASING = YES;
				CLANG_WARN_BOOL_CONVERSION = YES;
				CLANG_WARN_COMMA = YES;
				CLANG_WARN_CONSTANT_CONVERSION = YES;
				CLANG_WARN_DEPRECATED_OBJC_IMPLEMENTATIONS = YES;
				CLANG_WARN_DIRECT_OBJC_ISA_USAGE = YES_ERROR;
				CLANG_WARN_DOCUMENTATION_COMMENTS = YES;
				CLANG_WARN_EMPTY_BODY = YES;
				CLANG_WARN_ENUM_CONVERSION = YES;
				CLANG_WARN_INFINITE_RECURSION = YES;
				CLANG_WARN_INT_CONVERSION = YES;
				CLANG_WARN_NON_LITERAL_NULL_CONVERSION = YES;
				CLANG_WARN_OBJC_IMPLICIT_RETAIN_SELF = YES;
				CLANG_WARN_OBJC_LITERAL_CONVERSION = YES;
				CLANG_WARN_OBJC_ROOT_CLASS = YES_ERROR;
				CLANG_WARN_QUOTED_INCLUDE_IN_FRAMEWORK_HEADER = YES;
				CLANG_WARN_RANGE_LOOP_ANALYSIS = YES;
				CLANG_WARN_STRICT_PROTOTYPES = YES;
				CLANG_WARN_SUSPICIOUS_MOVE = YES;
				CLANG_WARN_UNGUARDED_AVAILABILITY = YES_AGGRESSIVE;
				CLANG_WARN_UNREACHABLE_CODE = YES;
				CLANG_WARN__DUPLICATE_METHOD_MATCH = YES;
				COPY_PHASE_STRIP = NO;
				DEBUG_INFORMATION_FORMAT = "dwarf-with-dsym";
				ENABLE_NS_ASSERTIONS = NO;
				ENABLE_STRICT_OBJC_MSGSEND = YES;
				GCC_C_LANGUAGE_STANDARD = gnu11;
				GCC_NO_COMMON_BLOCKS = YES;
				GCC_WARN_64_TO_32_BIT_CONVERSION = YES;
				GCC_WARN_ABOUT_RETURN_TYPE = YES_ERROR;
				GCC_WARN_UNDECLARED_SELECTOR = YES;
				GCC_WARN_UNINITIALIZED_AUTOS = YES_AGGRESSIVE;
				GCC_WARN_UNUSED_FUNCTION = YES;
				GCC_WARN_UNUSED_VARIABLE = YES;
				IPHONEOS_DEPLOYMENT_TARGET = 16.0;
				MTL_ENABLE_DEBUG_INFO = NO;
				MTL_FAST_MATH = YES;
				SDKROOT = iphoneos;
				SWIFT_COMPILATION_MODE = wholemodule;
				SWIFT_OPTIMIZATION_LEVEL = "-O";
				VALIDATE_PRODUCT = YES;
			};
			name = Release;
		};
		17E098B02A965F8E00178398 /* Debug */ = {
			isa = XCBuildConfiguration;
			buildSettings = {
				ASSETCATALOG_COMPILER_APPICON_NAME = AppIcon;
				ASSETCATALOG_COMPILER_GLOBAL_ACCENT_COLOR_NAME = AccentColor;
				CODE_SIGN_STYLE = Automatic;
				CURRENT_PROJECT_VERSION = 1;
				GENERATE_INFOPLIST_FILE = YES;
				INFOPLIST_FILE = App/Application/Info.plist;
				INFOPLIST_KEY_UIApplicationSupportsIndirectInputEvents = YES;
				INFOPLIST_KEY_UILaunchStoryboardName = LaunchScreen;
				INFOPLIST_KEY_UISupportedInterfaceOrientations = UIInterfaceOrientationPortrait;
				INFOPLIST_KEY_UISupportedInterfaceOrientations_iPad = "UIInterfaceOrientationLandscapeLeft UIInterfaceOrientationLandscapeRight UIInterfaceOrientationPortrait UIInterfaceOrientationPortraitUpsideDown";
				IPHONEOS_DEPLOYMENT_TARGET = 16.4;
				LD_RUNPATH_SEARCH_PATHS = (
					"$(inherited)",
					"@executable_path/Frameworks",
				);
				MARKETING_VERSION = 1.0;
				PRODUCT_BUNDLE_IDENTIFIER = i.wish.success.KisTest;
				PRODUCT_NAME = "$(TARGET_NAME)";
				SUPPORTED_PLATFORMS = "iphoneos iphonesimulator";
				SUPPORTS_MACCATALYST = NO;
				SUPPORTS_MAC_DESIGNED_FOR_IPHONE_IPAD = NO;
				SWIFT_EMIT_LOC_STRINGS = YES;
				SWIFT_VERSION = 5.0;
				TARGETED_DEVICE_FAMILY = 1;
			};
			name = Debug;
		};
		17E098B12A965F8E00178398 /* Release */ = {
			isa = XCBuildConfiguration;
			buildSettings = {
				ASSETCATALOG_COMPILER_APPICON_NAME = AppIcon;
				ASSETCATALOG_COMPILER_GLOBAL_ACCENT_COLOR_NAME = AccentColor;
				CODE_SIGN_STYLE = Automatic;
				CURRENT_PROJECT_VERSION = 1;
				GENERATE_INFOPLIST_FILE = YES;
				INFOPLIST_FILE = App/Application/Info.plist;
				INFOPLIST_KEY_UIApplicationSupportsIndirectInputEvents = YES;
				INFOPLIST_KEY_UILaunchStoryboardName = LaunchScreen;
				INFOPLIST_KEY_UISupportedInterfaceOrientations = UIInterfaceOrientationPortrait;
				INFOPLIST_KEY_UISupportedInterfaceOrientations_iPad = "UIInterfaceOrientationLandscapeLeft UIInterfaceOrientationLandscapeRight UIInterfaceOrientationPortrait UIInterfaceOrientationPortraitUpsideDown";
				IPHONEOS_DEPLOYMENT_TARGET = 16.4;
				LD_RUNPATH_SEARCH_PATHS = (
					"$(inherited)",
					"@executable_path/Frameworks",
				);
				MARKETING_VERSION = 1.0;
				PRODUCT_BUNDLE_IDENTIFIER = i.wish.success.KisTest;
				PRODUCT_NAME = "$(TARGET_NAME)";
				SUPPORTED_PLATFORMS = "iphoneos iphonesimulator";
				SUPPORTS_MACCATALYST = NO;
				SUPPORTS_MAC_DESIGNED_FOR_IPHONE_IPAD = NO;
				SWIFT_EMIT_LOC_STRINGS = YES;
				SWIFT_VERSION = 5.0;
				TARGETED_DEVICE_FAMILY = 1;
			};
			name = Release;
		};
		17E098B32A965F8E00178398 /* Debug */ = {
			isa = XCBuildConfiguration;
			buildSettings = {
				ALWAYS_EMBED_SWIFT_STANDARD_LIBRARIES = YES;
				CODE_SIGN_STYLE = Automatic;
				CURRENT_PROJECT_VERSION = 1;
				DEVELOPMENT_TEAM = "";
				GENERATE_INFOPLIST_FILE = YES;
				IPHONEOS_DEPLOYMENT_TARGET = 16.4;
				MARKETING_VERSION = 1.0;
				PRODUCT_BUNDLE_IDENTIFIER = i.wish.success.AppTests;
				PRODUCT_NAME = "$(TARGET_NAME)";
				SUPPORTED_PLATFORMS = "iphoneos iphonesimulator";
				SUPPORTS_MACCATALYST = NO;
				SUPPORTS_MAC_DESIGNED_FOR_IPHONE_IPAD = NO;
				SWIFT_EMIT_LOC_STRINGS = NO;
				SWIFT_VERSION = 5.0;
				TARGETED_DEVICE_FAMILY = 1;
				TEST_HOST = "$(BUILT_PRODUCTS_DIR)/App.app/$(BUNDLE_EXECUTABLE_FOLDER_PATH)/App";
			};
			name = Debug;
		};
		17E098B42A965F8E00178398 /* Release */ = {
			isa = XCBuildConfiguration;
			buildSettings = {
				ALWAYS_EMBED_SWIFT_STANDARD_LIBRARIES = YES;
				CODE_SIGN_STYLE = Automatic;
				CURRENT_PROJECT_VERSION = 1;
				DEVELOPMENT_TEAM = "";
				GENERATE_INFOPLIST_FILE = YES;
				IPHONEOS_DEPLOYMENT_TARGET = 16.4;
				MARKETING_VERSION = 1.0;
				PRODUCT_BUNDLE_IDENTIFIER = i.wish.success.AppTests;
				PRODUCT_NAME = "$(TARGET_NAME)";
				SUPPORTED_PLATFORMS = "iphoneos iphonesimulator";
				SUPPORTS_MACCATALYST = NO;
				SUPPORTS_MAC_DESIGNED_FOR_IPHONE_IPAD = NO;
				SWIFT_EMIT_LOC_STRINGS = NO;
				SWIFT_VERSION = 5.0;
				TARGETED_DEVICE_FAMILY = 1;
				TEST_HOST = "$(BUILT_PRODUCTS_DIR)/App.app/$(BUNDLE_EXECUTABLE_FOLDER_PATH)/App";
			};
			name = Release;
		};
		17E098B62A965F8E00178398 /* Debug */ = {
			isa = XCBuildConfiguration;
			buildSettings = {
				ALWAYS_EMBED_SWIFT_STANDARD_LIBRARIES = YES;
				CODE_SIGN_STYLE = Automatic;
				CURRENT_PROJECT_VERSION = 1;
				GENERATE_INFOPLIST_FILE = YES;
				MARKETING_VERSION = 1.0;
				PRODUCT_BUNDLE_IDENTIFIER = i.wish.success.AppUITests;
				PRODUCT_NAME = "$(TARGET_NAME)";
				SUPPORTED_PLATFORMS = "iphoneos iphonesimulator";
				SUPPORTS_MACCATALYST = NO;
				SUPPORTS_MAC_DESIGNED_FOR_IPHONE_IPAD = NO;
				SWIFT_EMIT_LOC_STRINGS = NO;
				SWIFT_VERSION = 5.0;
				TARGETED_DEVICE_FAMILY = 1;
				TEST_TARGET_NAME = App;
			};
			name = Debug;
		};
		17E098B72A965F8E00178398 /* Release */ = {
			isa = XCBuildConfiguration;
			buildSettings = {
				ALWAYS_EMBED_SWIFT_STANDARD_LIBRARIES = YES;
				CODE_SIGN_STYLE = Automatic;
				CURRENT_PROJECT_VERSION = 1;
				GENERATE_INFOPLIST_FILE = YES;
				MARKETING_VERSION = 1.0;
				PRODUCT_BUNDLE_IDENTIFIER = i.wish.success.AppUITests;
				PRODUCT_NAME = "$(TARGET_NAME)";
				SUPPORTED_PLATFORMS = "iphoneos iphonesimulator";
				SUPPORTS_MACCATALYST = NO;
				SUPPORTS_MAC_DESIGNED_FOR_IPHONE_IPAD = NO;
				SWIFT_EMIT_LOC_STRINGS = NO;
				SWIFT_VERSION = 5.0;
				TARGETED_DEVICE_FAMILY = 1;
				TEST_TARGET_NAME = App;
			};
			name = Release;
		};
/* End XCBuildConfiguration section */

/* Begin XCConfigurationList section */
		17E098802A965F8D00178398 /* Build configuration list for PBXProject "KisTest" */ = {
			isa = XCConfigurationList;
			buildConfigurations = (
				17E098AD2A965F8E00178398 /* Debug */,
				17E098AE2A965F8E00178398 /* Release */,
			);
			defaultConfigurationIsVisible = 0;
			defaultConfigurationName = Release;
		};
		17E098AF2A965F8E00178398 /* Build configuration list for PBXNativeTarget "App" */ = {
			isa = XCConfigurationList;
			buildConfigurations = (
				17E098B02A965F8E00178398 /* Debug */,
				17E098B12A965F8E00178398 /* Release */,
			);
			defaultConfigurationIsVisible = 0;
			defaultConfigurationName = Release;
		};
		17E098B22A965F8E00178398 /* Build configuration list for PBXNativeTarget "AppTests" */ = {
			isa = XCConfigurationList;
			buildConfigurations = (
				17E098B32A965F8E00178398 /* Debug */,
				17E098B42A965F8E00178398 /* Release */,
			);
			defaultConfigurationIsVisible = 0;
			defaultConfigurationName = Release;
		};
		17E098B52A965F8E00178398 /* Build configuration list for PBXNativeTarget "AppUITests" */ = {
			isa = XCConfigurationList;
			buildConfigurations = (
				17E098B62A965F8E00178398 /* Debug */,
				17E098B72A965F8E00178398 /* Release */,
			);
			defaultConfigurationIsVisible = 0;
			defaultConfigurationName = Release;
		};
/* End XCConfigurationList section */

/* Begin XCRemoteSwiftPackageReference section */
		17DE8CA82A96EAAC007BBCCC /* XCRemoteSwiftPackageReference "Alamofire" */ = {
			isa = XCRemoteSwiftPackageReference;
			repositoryURL = "https://github.com/Alamofire/Alamofire.git";
			requirement = {
				kind = upToNextMajorVersion;
				minimumVersion = 5.7.0;
			};
		};
		17DE8CAB2A96EADE007BBCCC /* XCRemoteSwiftPackageReference "Kingfisher" */ = {
			isa = XCRemoteSwiftPackageReference;
			repositoryURL = "https://github.com/onevcat/Kingfisher.git";
			requirement = {
				kind = upToNextMajorVersion;
				minimumVersion = 7.9.0;
			};
		};
/* End XCRemoteSwiftPackageReference section */

/* Begin XCSwiftPackageProductDependency section */
		17DE8CA92A96EAAC007BBCCC /* Alamofire */ = {
			isa = XCSwiftPackageProductDependency;
			package = 17DE8CA82A96EAAC007BBCCC /* XCRemoteSwiftPackageReference "Alamofire" */;
			productName = Alamofire;
		};
		17DE8CAC2A96EADE007BBCCC /* Kingfisher */ = {
			isa = XCSwiftPackageProductDependency;
			package = 17DE8CAB2A96EADE007BBCCC /* XCRemoteSwiftPackageReference "Kingfisher" */;
			productName = Kingfisher;
		};
/* End XCSwiftPackageProductDependency section */
	};
	rootObject = 17E0987D2A965F8D00178398 /* Project object */;
}
