// !$*UTF8*$!
{
	archiveVersion = 1;
	classes = {
	};
	objectVersion = 56;
	objects = {

/* Begin PBXBuildFile section */
		173D1CE92AEF5756003F380D /* Shared.framework in Frameworks */ = {isa = PBXBuildFile; fileRef = 173D1CE82AEF5756003F380D /* Shared.framework */; };
		173D1CEA2AEF5756003F380D /* Shared.framework in Embed Frameworks */ = {isa = PBXBuildFile; fileRef = 173D1CE82AEF5756003F380D /* Shared.framework */; settings = {ATTRIBUTES = (CodeSignOnCopy, RemoveHeadersOnCopy, ); }; };
		173D1CED2AEF585C003F380D /* EmptySuccessResponse.swift in Sources */ = {isa = PBXBuildFile; fileRef = 173D1CEC2AEF585C003F380D /* EmptySuccessResponse.swift */; };
		173D1D842AF1BDA6003F380D /* VillainDetail.framework in Frameworks */ = {isa = PBXBuildFile; fileRef = 173D1D832AF1BDA6003F380D /* VillainDetail.framework */; };
		173D1D852AF1BDA6003F380D /* VillainDetail.framework in Embed Frameworks */ = {isa = PBXBuildFile; fileRef = 173D1D832AF1BDA6003F380D /* VillainDetail.framework */; settings = {ATTRIBUTES = (CodeSignOnCopy, RemoveHeadersOnCopy, ); }; };
		1763B6FE2A9892120019F86D /* NetworkDataService.swift in Sources */ = {isa = PBXBuildFile; fileRef = 1763B6FD2A9892120019F86D /* NetworkDataService.swift */; };
		1763B71B2A99E2330019F86D /* DefaultCharactersRepository.swift in Sources */ = {isa = PBXBuildFile; fileRef = 1763B71A2A99E2330019F86D /* DefaultCharactersRepository.swift */; };
		1763B71C2A99E2330019F86D /* DefaultCharactersRepository.swift in Sources */ = {isa = PBXBuildFile; fileRef = 1763B71A2A99E2330019F86D /* DefaultCharactersRepository.swift */; };
		1763B71D2A99E2330019F86D /* DefaultCharactersRepository.swift in Sources */ = {isa = PBXBuildFile; fileRef = 1763B71A2A99E2330019F86D /* DefaultCharactersRepository.swift */; };
		1763B7202A99F8CB0019F86D /* CharactersStorage.swift in Sources */ = {isa = PBXBuildFile; fileRef = 1763B71F2A99F8CB0019F86D /* CharactersStorage.swift */; };
		1763B7212A99F8CB0019F86D /* CharactersStorage.swift in Sources */ = {isa = PBXBuildFile; fileRef = 1763B71F2A99F8CB0019F86D /* CharactersStorage.swift */; };
		1763B7222A99F8CB0019F86D /* CharactersStorage.swift in Sources */ = {isa = PBXBuildFile; fileRef = 1763B71F2A99F8CB0019F86D /* CharactersStorage.swift */; };
		1763B7342A9B50140019F86D /* CoreDataStorage.swift in Sources */ = {isa = PBXBuildFile; fileRef = 1763B7332A9B50140019F86D /* CoreDataStorage.swift */; };
		1763B7352A9B501A0019F86D /* CoreDataStorage.swift in Sources */ = {isa = PBXBuildFile; fileRef = 1763B7332A9B50140019F86D /* CoreDataStorage.swift */; };
		1763B7362A9B501A0019F86D /* CoreDataStorage.swift in Sources */ = {isa = PBXBuildFile; fileRef = 1763B7332A9B50140019F86D /* CoreDataStorage.swift */; };
		1763B73A2A9B629B0019F86D /* CoreDataStorage.xcdatamodeld in Sources */ = {isa = PBXBuildFile; fileRef = 1763B7382A9B629B0019F86D /* CoreDataStorage.xcdatamodeld */; };
		1763B7422A9C2F810019F86D /* CoreDataCharactersStorage.swift in Sources */ = {isa = PBXBuildFile; fileRef = 1763B7412A9C2F810019F86D /* CoreDataCharactersStorage.swift */; };
		1763B7452A9C432F0019F86D /* MarvelPagedCharactersEntity+Mapping.swift in Sources */ = {isa = PBXBuildFile; fileRef = 1763B7442A9C432F0019F86D /* MarvelPagedCharactersEntity+Mapping.swift */; };
		1763B74A2A9C78DE0019F86D /* AppDIContainer.swift in Sources */ = {isa = PBXBuildFile; fileRef = 1763B7492A9C78DE0019F86D /* AppDIContainer.swift */; };
		1763B7512A9CF6300019F86D /* CharactersListItemViewModel.swift in Sources */ = {isa = PBXBuildFile; fileRef = 1763B7502A9CF6300019F86D /* CharactersListItemViewModel.swift */; };
		1763B7532A9CF8B20019F86D /* CharactersListViewModel.swift in Sources */ = {isa = PBXBuildFile; fileRef = 1763B7522A9CF8B20019F86D /* CharactersListViewModel.swift */; };
		1763B7552A9CFDCD0019F86D /* AppFlowCoordinator.swift in Sources */ = {isa = PBXBuildFile; fileRef = 1763B7542A9CFDCD0019F86D /* AppFlowCoordinator.swift */; };
		1763B7572A9CFEA10019F86D /* CharactersSceneDIContainer.swift in Sources */ = {isa = PBXBuildFile; fileRef = 1763B7562A9CFEA10019F86D /* CharactersSceneDIContainer.swift */; };
		1763B75A2A9CFF5B0019F86D /* CharactersFlowCoordinator.swift in Sources */ = {isa = PBXBuildFile; fileRef = 1763B7592A9CFF5B0019F86D /* CharactersFlowCoordinator.swift */; };
		1763B7602A9D74B70019F86D /* UIViewController+AddChild.swift in Sources */ = {isa = PBXBuildFile; fileRef = 1763B75F2A9D74B70019F86D /* UIViewController+AddChild.swift */; };
		1763B7672A9DD4EB0019F86D /* CharactersTableVc.swift in Sources */ = {isa = PBXBuildFile; fileRef = 1763B7662A9DD4EB0019F86D /* CharactersTableVc.swift */; };
		1763B76A2A9DD67D0019F86D /* CharactersListItemCell.swift in Sources */ = {isa = PBXBuildFile; fileRef = 1763B7692A9DD67D0019F86D /* CharactersListItemCell.swift */; };
		1763B7702A9DEE580019F86D /* UITableViewController+AcitivityIndicator.swift in Sources */ = {isa = PBXBuildFile; fileRef = 1763B76F2A9DEE580019F86D /* UITableViewController+AcitivityIndicator.swift */; };
		1763B7782A9E0F230019F86D /* FavoritesListVc.swift in Sources */ = {isa = PBXBuildFile; fileRef = 1763B7772A9E0F230019F86D /* FavoritesListVc.swift */; };
		1763B77E2A9E151E0019F86D /* Scheduler.swift in Sources */ = {isa = PBXBuildFile; fileRef = 1763B77D2A9E151E0019F86D /* Scheduler.swift */; };
		1763B7862A9F8A780019F86D /* DefaultFavoritesListViewModel.swift in Sources */ = {isa = PBXBuildFile; fileRef = 1763B7852A9F8A780019F86D /* DefaultFavoritesListViewModel.swift */; };
		1763B7882A9F98D80019F86D /* DefaultCharactersListViewModel.swift in Sources */ = {isa = PBXBuildFile; fileRef = 1763B7872A9F98D80019F86D /* DefaultCharactersListViewModel.swift */; };
		1763B78A2A9F99410019F86D /* BaseCharactersListViewModel.swift in Sources */ = {isa = PBXBuildFile; fileRef = 1763B7892A9F99410019F86D /* BaseCharactersListViewModel.swift */; };
		17DE8CA62A96E8A2007BBCCC /* ResMarvelResults.swift in Sources */ = {isa = PBXBuildFile; fileRef = 17DE8CA52A96E8A2007BBCCC /* ResMarvelResults.swift */; };
		17DE8CA72A96E8A2007BBCCC /* ResMarvelResults.swift in Sources */ = {isa = PBXBuildFile; fileRef = 17DE8CA52A96E8A2007BBCCC /* ResMarvelResults.swift */; };
		17DE8CAA2A96EAAC007BBCCC /* Alamofire in Frameworks */ = {isa = PBXBuildFile; productRef = 17DE8CA92A96EAAC007BBCCC /* Alamofire */; };
		17DE8CAD2A96EADE007BBCCC /* Kingfisher in Frameworks */ = {isa = PBXBuildFile; productRef = 17DE8CAC2A96EADE007BBCCC /* Kingfisher */; };
		17DE8CB22A96EF27007BBCCC /* MarvelEndpoint.swift in Sources */ = {isa = PBXBuildFile; fileRef = 17DE8CB12A96EF27007BBCCC /* MarvelEndpoint.swift */; };
		17DE8CB32A96EF27007BBCCC /* MarvelEndpoint.swift in Sources */ = {isa = PBXBuildFile; fileRef = 17DE8CB12A96EF27007BBCCC /* MarvelEndpoint.swift */; };
		17DE8CBA2A96F740007BBCCC /* ResMarvelError.swift in Sources */ = {isa = PBXBuildFile; fileRef = 17DE8CB92A96F740007BBCCC /* ResMarvelError.swift */; };
		17DE8CBB2A96F740007BBCCC /* ResMarvelError.swift in Sources */ = {isa = PBXBuildFile; fileRef = 17DE8CB92A96F740007BBCCC /* ResMarvelError.swift */; };
		17DE8CBD2A96F801007BBCCC /* ResMarvelURL.swift in Sources */ = {isa = PBXBuildFile; fileRef = 17DE8CBC2A96F801007BBCCC /* ResMarvelURL.swift */; };
		17DE8CBE2A96F801007BBCCC /* ResMarvelURL.swift in Sources */ = {isa = PBXBuildFile; fileRef = 17DE8CBC2A96F801007BBCCC /* ResMarvelURL.swift */; };
		17DE8CC02A96F8EE007BBCCC /* ResMarvelCharacter.swift in Sources */ = {isa = PBXBuildFile; fileRef = 17DE8CBF2A96F8EE007BBCCC /* ResMarvelCharacter.swift */; };
		17DE8CC12A96F8EE007BBCCC /* ResMarvelCharacter.swift in Sources */ = {isa = PBXBuildFile; fileRef = 17DE8CBF2A96F8EE007BBCCC /* ResMarvelCharacter.swift */; };
		17DE8CC42A96FA30007BBCCC /* ResMarvelImage.swift in Sources */ = {isa = PBXBuildFile; fileRef = 17DE8CC32A96FA30007BBCCC /* ResMarvelImage.swift */; };
		17DE8CC52A96FA30007BBCCC /* ResMarvelImage.swift in Sources */ = {isa = PBXBuildFile; fileRef = 17DE8CC32A96FA30007BBCCC /* ResMarvelImage.swift */; };
		17DE8CC72A96FAF9007BBCCC /* ResMarvelResourceList.swift in Sources */ = {isa = PBXBuildFile; fileRef = 17DE8CC62A96FAF9007BBCCC /* ResMarvelResourceList.swift */; };
		17DE8CC82A96FAF9007BBCCC /* ResMarvelResourceList.swift in Sources */ = {isa = PBXBuildFile; fileRef = 17DE8CC62A96FAF9007BBCCC /* ResMarvelResourceList.swift */; };
		17DE8CE32A975122007BBCCC /* MarvelApi.swift in Sources */ = {isa = PBXBuildFile; fileRef = 17DE8CE22A975122007BBCCC /* MarvelApi.swift */; };
		17DE8CE42A975122007BBCCC /* MarvelApi.swift in Sources */ = {isa = PBXBuildFile; fileRef = 17DE8CE22A975122007BBCCC /* MarvelApi.swift */; };
		17DE8CE82A9759A9007BBCCC /* ResMarvelComic.swift in Sources */ = {isa = PBXBuildFile; fileRef = 17DE8CE72A9759A9007BBCCC /* ResMarvelComic.swift */; };
		17DE8CE92A9759A9007BBCCC /* ResMarvelComic.swift in Sources */ = {isa = PBXBuildFile; fileRef = 17DE8CE72A9759A9007BBCCC /* ResMarvelComic.swift */; };
		17DE8CEE2A975E78007BBCCC /* ResMarvelText.swift in Sources */ = {isa = PBXBuildFile; fileRef = 17DE8CED2A975E78007BBCCC /* ResMarvelText.swift */; };
		17DE8CEF2A975E78007BBCCC /* ResMarvelText.swift in Sources */ = {isa = PBXBuildFile; fileRef = 17DE8CED2A975E78007BBCCC /* ResMarvelText.swift */; };
		17E098892A965F8D00178398 /* AppDelegate.swift in Sources */ = {isa = PBXBuildFile; fileRef = 17E098882A965F8D00178398 /* AppDelegate.swift */; };
		17E0988B2A965F8D00178398 /* SceneDelegate.swift in Sources */ = {isa = PBXBuildFile; fileRef = 17E0988A2A965F8D00178398 /* SceneDelegate.swift */; };
		17E0988D2A965F8D00178398 /* CharactersListVc.swift in Sources */ = {isa = PBXBuildFile; fileRef = 17E0988C2A965F8D00178398 /* CharactersListVc.swift */; };
		17E098922A965F8E00178398 /* Assets.xcassets in Resources */ = {isa = PBXBuildFile; fileRef = 17E098912A965F8E00178398 /* Assets.xcassets */; };
		17E098952A965F8E00178398 /* LaunchScreen.storyboard in Resources */ = {isa = PBXBuildFile; fileRef = 17E098932A965F8E00178398 /* LaunchScreen.storyboard */; };
		17E098A02A965F8E00178398 /* ResMarvelContainerTests.swift in Sources */ = {isa = PBXBuildFile; fileRef = 17E0989F2A965F8E00178398 /* ResMarvelContainerTests.swift */; };
		17E098AA2A965F8E00178398 /* AppUITests.swift in Sources */ = {isa = PBXBuildFile; fileRef = 17E098A92A965F8E00178398 /* AppUITests.swift */; };
		17E098AC2A965F8E00178398 /* AppUITestsLaunchTests.swift in Sources */ = {isa = PBXBuildFile; fileRef = 17E098AB2A965F8E00178398 /* AppUITestsLaunchTests.swift */; };
		17E098BD2A966A6D00178398 /* Env.swift in Sources */ = {isa = PBXBuildFile; fileRef = 17E098BC2A966A6D00178398 /* Env.swift */; };
		17E9A57A2AE419D40047DCFE /* AppError.swift in Sources */ = {isa = PBXBuildFile; fileRef = 17E9A5792AE419D40047DCFE /* AppError.swift */; };
		17E9A5802AE424440047DCFE /* JSONResponseDecoder.swift in Sources */ = {isa = PBXBuildFile; fileRef = 17E9A57F2AE424440047DCFE /* JSONResponseDecoder.swift */; };
/* End PBXBuildFile section */

/* Begin PBXContainerItemProxy section */
		17E0989C2A965F8E00178398 /* PBXContainerItemProxy */ = {
			isa = PBXContainerItemProxy;
			containerPortal = 17E0987D2A965F8D00178398 /* Project object */;
			proxyType = 1;
			remoteGlobalIDString = 17E098842A965F8D00178398;
			remoteInfo = KisTest;
		};
		17E098A62A965F8E00178398 /* PBXContainerItemProxy */ = {
			isa = PBXContainerItemProxy;
			containerPortal = 17E0987D2A965F8D00178398 /* Project object */;
			proxyType = 1;
			remoteGlobalIDString = 17E098842A965F8D00178398;
			remoteInfo = KisTest;
		};
/* End PBXContainerItemProxy section */

/* Begin PBXCopyFilesBuildPhase section */
		173D1CEB2AEF5756003F380D /* Embed Frameworks */ = {
			isa = PBXCopyFilesBuildPhase;
			buildActionMask = 2147483647;
			dstPath = "";
			dstSubfolderSpec = 10;
			files = (
				173D1CEA2AEF5756003F380D /* Shared.framework in Embed Frameworks */,
				173D1D852AF1BDA6003F380D /* VillainDetail.framework in Embed Frameworks */,
			);
			name = "Embed Frameworks";
			runOnlyForDeploymentPostprocessing = 0;
		};
/* End PBXCopyFilesBuildPhase section */

/* Begin PBXFileReference section */
		173D1CE82AEF5756003F380D /* Shared.framework */ = {isa = PBXFileReference; explicitFileType = wrapper.framework; path = Shared.framework; sourceTree = BUILT_PRODUCTS_DIR; };
		173D1CEC2AEF585C003F380D /* EmptySuccessResponse.swift */ = {isa = PBXFileReference; lastKnownFileType = sourcecode.swift; path = EmptySuccessResponse.swift; sourceTree = "<group>"; };
		173D1D832AF1BDA6003F380D /* VillainDetail.framework */ = {isa = PBXFileReference; explicitFileType = wrapper.framework; path = VillainDetail.framework; sourceTree = BUILT_PRODUCTS_DIR; };
		1763B6FD2A9892120019F86D /* NetworkDataService.swift */ = {isa = PBXFileReference; lastKnownFileType = sourcecode.swift; path = NetworkDataService.swift; sourceTree = "<group>"; };
		1763B71A2A99E2330019F86D /* DefaultCharactersRepository.swift */ = {isa = PBXFileReference; lastKnownFileType = sourcecode.swift; path = DefaultCharactersRepository.swift; sourceTree = "<group>"; };
		1763B71F2A99F8CB0019F86D /* CharactersStorage.swift */ = {isa = PBXFileReference; lastKnownFileType = sourcecode.swift; path = CharactersStorage.swift; sourceTree = "<group>"; };
		1763B7332A9B50140019F86D /* CoreDataStorage.swift */ = {isa = PBXFileReference; lastKnownFileType = sourcecode.swift; path = CoreDataStorage.swift; sourceTree = "<group>"; };
		1763B7392A9B629B0019F86D /* CoreDataStorage.xcdatamodel */ = {isa = PBXFileReference; lastKnownFileType = wrapper.xcdatamodel; path = CoreDataStorage.xcdatamodel; sourceTree = "<group>"; };
		1763B7412A9C2F810019F86D /* CoreDataCharactersStorage.swift */ = {isa = PBXFileReference; lastKnownFileType = sourcecode.swift; path = CoreDataCharactersStorage.swift; sourceTree = "<group>"; };
		1763B7442A9C432F0019F86D /* MarvelPagedCharactersEntity+Mapping.swift */ = {isa = PBXFileReference; lastKnownFileType = sourcecode.swift; path = "MarvelPagedCharactersEntity+Mapping.swift"; sourceTree = "<group>"; };
		1763B7492A9C78DE0019F86D /* AppDIContainer.swift */ = {isa = PBXFileReference; lastKnownFileType = sourcecode.swift; path = AppDIContainer.swift; sourceTree = "<group>"; };
		1763B7502A9CF6300019F86D /* CharactersListItemViewModel.swift */ = {isa = PBXFileReference; lastKnownFileType = sourcecode.swift; path = CharactersListItemViewModel.swift; sourceTree = "<group>"; };
		1763B7522A9CF8B20019F86D /* CharactersListViewModel.swift */ = {isa = PBXFileReference; lastKnownFileType = sourcecode.swift; path = CharactersListViewModel.swift; sourceTree = "<group>"; };
		1763B7542A9CFDCD0019F86D /* AppFlowCoordinator.swift */ = {isa = PBXFileReference; lastKnownFileType = sourcecode.swift; path = AppFlowCoordinator.swift; sourceTree = "<group>"; };
		1763B7562A9CFEA10019F86D /* CharactersSceneDIContainer.swift */ = {isa = PBXFileReference; lastKnownFileType = sourcecode.swift; path = CharactersSceneDIContainer.swift; sourceTree = "<group>"; };
		1763B7592A9CFF5B0019F86D /* CharactersFlowCoordinator.swift */ = {isa = PBXFileReference; lastKnownFileType = sourcecode.swift; path = CharactersFlowCoordinator.swift; sourceTree = "<group>"; };
		1763B75F2A9D74B70019F86D /* UIViewController+AddChild.swift */ = {isa = PBXFileReference; lastKnownFileType = sourcecode.swift; path = "UIViewController+AddChild.swift"; sourceTree = "<group>"; };
		1763B7662A9DD4EB0019F86D /* CharactersTableVc.swift */ = {isa = PBXFileReference; lastKnownFileType = sourcecode.swift; path = CharactersTableVc.swift; sourceTree = "<group>"; };
		1763B7692A9DD67D0019F86D /* CharactersListItemCell.swift */ = {isa = PBXFileReference; lastKnownFileType = sourcecode.swift; path = CharactersListItemCell.swift; sourceTree = "<group>"; };
		1763B76F2A9DEE580019F86D /* UITableViewController+AcitivityIndicator.swift */ = {isa = PBXFileReference; lastKnownFileType = sourcecode.swift; path = "UITableViewController+AcitivityIndicator.swift"; sourceTree = "<group>"; };
		1763B7772A9E0F230019F86D /* FavoritesListVc.swift */ = {isa = PBXFileReference; lastKnownFileType = sourcecode.swift; path = FavoritesListVc.swift; sourceTree = "<group>"; };
		1763B77D2A9E151E0019F86D /* Scheduler.swift */ = {isa = PBXFileReference; lastKnownFileType = sourcecode.swift; path = Scheduler.swift; sourceTree = "<group>"; };
		1763B7852A9F8A780019F86D /* DefaultFavoritesListViewModel.swift */ = {isa = PBXFileReference; lastKnownFileType = sourcecode.swift; path = DefaultFavoritesListViewModel.swift; sourceTree = "<group>"; };
		1763B7872A9F98D80019F86D /* DefaultCharactersListViewModel.swift */ = {isa = PBXFileReference; lastKnownFileType = sourcecode.swift; path = DefaultCharactersListViewModel.swift; sourceTree = "<group>"; };
		1763B7892A9F99410019F86D /* BaseCharactersListViewModel.swift */ = {isa = PBXFileReference; lastKnownFileType = sourcecode.swift; path = BaseCharactersListViewModel.swift; sourceTree = "<group>"; };
		17DE8CA52A96E8A2007BBCCC /* ResMarvelResults.swift */ = {isa = PBXFileReference; lastKnownFileType = sourcecode.swift; path = ResMarvelResults.swift; sourceTree = "<group>"; };
		17DE8CB12A96EF27007BBCCC /* MarvelEndpoint.swift */ = {isa = PBXFileReference; lastKnownFileType = sourcecode.swift; path = MarvelEndpoint.swift; sourceTree = "<group>"; };
		17DE8CB92A96F740007BBCCC /* ResMarvelError.swift */ = {isa = PBXFileReference; lastKnownFileType = sourcecode.swift; path = ResMarvelError.swift; sourceTree = "<group>"; };
		17DE8CBC2A96F801007BBCCC /* ResMarvelURL.swift */ = {isa = PBXFileReference; lastKnownFileType = sourcecode.swift; path = ResMarvelURL.swift; sourceTree = "<group>"; };
		17DE8CBF2A96F8EE007BBCCC /* ResMarvelCharacter.swift */ = {isa = PBXFileReference; lastKnownFileType = sourcecode.swift; path = ResMarvelCharacter.swift; sourceTree = "<group>"; };
		17DE8CC32A96FA30007BBCCC /* ResMarvelImage.swift */ = {isa = PBXFileReference; lastKnownFileType = sourcecode.swift; path = ResMarvelImage.swift; sourceTree = "<group>"; };
		17DE8CC62A96FAF9007BBCCC /* ResMarvelResourceList.swift */ = {isa = PBXFileReference; lastKnownFileType = sourcecode.swift; path = ResMarvelResourceList.swift; sourceTree = "<group>"; };
		17DE8CE22A975122007BBCCC /* MarvelApi.swift */ = {isa = PBXFileReference; lastKnownFileType = sourcecode.swift; path = MarvelApi.swift; sourceTree = "<group>"; };
		17DE8CE72A9759A9007BBCCC /* ResMarvelComic.swift */ = {isa = PBXFileReference; lastKnownFileType = sourcecode.swift; path = ResMarvelComic.swift; sourceTree = "<group>"; };
		17DE8CED2A975E78007BBCCC /* ResMarvelText.swift */ = {isa = PBXFileReference; lastKnownFileType = sourcecode.swift; path = ResMarvelText.swift; sourceTree = "<group>"; };
		17E098852A965F8D00178398 /* Marvel Villains.app */ = {isa = PBXFileReference; explicitFileType = wrapper.application; includeInIndex = 0; path = "Marvel Villains.app"; sourceTree = BUILT_PRODUCTS_DIR; };
		17E098882A965F8D00178398 /* AppDelegate.swift */ = {isa = PBXFileReference; lastKnownFileType = sourcecode.swift; path = AppDelegate.swift; sourceTree = "<group>"; };
		17E0988A2A965F8D00178398 /* SceneDelegate.swift */ = {isa = PBXFileReference; lastKnownFileType = sourcecode.swift; path = SceneDelegate.swift; sourceTree = "<group>"; };
		17E0988C2A965F8D00178398 /* CharactersListVc.swift */ = {isa = PBXFileReference; lastKnownFileType = sourcecode.swift; path = CharactersListVc.swift; sourceTree = "<group>"; };
		17E098912A965F8E00178398 /* Assets.xcassets */ = {isa = PBXFileReference; lastKnownFileType = folder.assetcatalog; path = Assets.xcassets; sourceTree = "<group>"; };
		17E098942A965F8E00178398 /* Base */ = {isa = PBXFileReference; lastKnownFileType = file.storyboard; name = Base; path = Base.lproj/LaunchScreen.storyboard; sourceTree = "<group>"; };
		17E098962A965F8E00178398 /* Info.plist */ = {isa = PBXFileReference; lastKnownFileType = text.plist.xml; path = Info.plist; sourceTree = "<group>"; };
		17E0989B2A965F8E00178398 /* AppTests.xctest */ = {isa = PBXFileReference; explicitFileType = wrapper.cfbundle; includeInIndex = 0; path = AppTests.xctest; sourceTree = BUILT_PRODUCTS_DIR; };
		17E0989F2A965F8E00178398 /* ResMarvelContainerTests.swift */ = {isa = PBXFileReference; lastKnownFileType = sourcecode.swift; path = ResMarvelContainerTests.swift; sourceTree = "<group>"; };
		17E098A52A965F8E00178398 /* AppUITests.xctest */ = {isa = PBXFileReference; explicitFileType = wrapper.cfbundle; includeInIndex = 0; path = AppUITests.xctest; sourceTree = BUILT_PRODUCTS_DIR; };
		17E098A92A965F8E00178398 /* AppUITests.swift */ = {isa = PBXFileReference; lastKnownFileType = sourcecode.swift; path = AppUITests.swift; sourceTree = "<group>"; };
		17E098AB2A965F8E00178398 /* AppUITestsLaunchTests.swift */ = {isa = PBXFileReference; lastKnownFileType = sourcecode.swift; path = AppUITestsLaunchTests.swift; sourceTree = "<group>"; };
		17E098BC2A966A6D00178398 /* Env.swift */ = {isa = PBXFileReference; lastKnownFileType = sourcecode.swift; path = Env.swift; sourceTree = "<group>"; };
		17E9A5792AE419D40047DCFE /* AppError.swift */ = {isa = PBXFileReference; lastKnownFileType = sourcecode.swift; path = AppError.swift; sourceTree = "<group>"; };
		17E9A57F2AE424440047DCFE /* JSONResponseDecoder.swift */ = {isa = PBXFileReference; lastKnownFileType = sourcecode.swift; path = JSONResponseDecoder.swift; sourceTree = "<group>"; };
		17E9A58E2AE64F990047DCFE /* README.md */ = {isa = PBXFileReference; lastKnownFileType = net.daringfireball.markdown; path = README.md; sourceTree = "<group>"; };
/* End PBXFileReference section */

/* Begin PBXFrameworksBuildPhase section */
		17E098822A965F8D00178398 /* Frameworks */ = {
			isa = PBXFrameworksBuildPhase;
			buildActionMask = 2147483647;
			files = (
				17DE8CAD2A96EADE007BBCCC /* Kingfisher in Frameworks */,
				173D1D842AF1BDA6003F380D /* VillainDetail.framework in Frameworks */,
				173D1CE92AEF5756003F380D /* Shared.framework in Frameworks */,
				17DE8CAA2A96EAAC007BBCCC /* Alamofire in Frameworks */,
			);
			runOnlyForDeploymentPostprocessing = 0;
		};
		17E098982A965F8E00178398 /* Frameworks */ = {
			isa = PBXFrameworksBuildPhase;
			buildActionMask = 2147483647;
			files = (
			);
			runOnlyForDeploymentPostprocessing = 0;
		};
		17E098A22A965F8E00178398 /* Frameworks */ = {
			isa = PBXFrameworksBuildPhase;
			buildActionMask = 2147483647;
			files = (
			);
			runOnlyForDeploymentPostprocessing = 0;
		};
/* End PBXFrameworksBuildPhase section */

/* Begin PBXGroup section */
		173D1CE72AEF5756003F380D /* Frameworks */ = {
			isa = PBXGroup;
			children = (
				173D1D832AF1BDA6003F380D /* VillainDetail.framework */,
				173D1CE82AEF5756003F380D /* Shared.framework */,
			);
			name = Frameworks;
			sourceTree = "<group>";
		};
		174E1DD42AA0813C00755D6A /* Service */ = {
			isa = PBXGroup;
			children = (
				17E9A57F2AE424440047DCFE /* JSONResponseDecoder.swift */,
				1763B6FD2A9892120019F86D /* NetworkDataService.swift */,
				173D1CEC2AEF585C003F380D /* EmptySuccessResponse.swift */,
			);
			path = Service;
			sourceTree = "<group>";
		};
		174E1DE62AA082FE00755D6A /* Resource */ = {
			isa = PBXGroup;
			children = (
				17E098912A965F8E00178398 /* Assets.xcassets */,
			);
			path = Resource;
			sourceTree = "<group>";
		};
		1763B7192A99E2000019F86D /* Repositories */ = {
			isa = PBXGroup;
			children = (
				1763B71A2A99E2330019F86D /* DefaultCharactersRepository.swift */,
			);
			path = Repositories;
			sourceTree = "<group>";
		};
		1763B71E2A99F8AA0019F86D /* Storages */ = {
			isa = PBXGroup;
			children = (
				1763B7432A9C42DA0019F86D /* EntityMapping */,
				1763B71F2A99F8CB0019F86D /* CharactersStorage.swift */,
				1763B7412A9C2F810019F86D /* CoreDataCharactersStorage.swift */,
			);
			path = Storages;
			sourceTree = "<group>";
		};
		1763B7372A9B52DF0019F86D /* CoreData */ = {
			isa = PBXGroup;
			children = (
				1763B7332A9B50140019F86D /* CoreDataStorage.swift */,
				1763B7382A9B629B0019F86D /* CoreDataStorage.xcdatamodeld */,
			);
			path = CoreData;
			sourceTree = "<group>";
		};
		1763B7432A9C42DA0019F86D /* EntityMapping */ = {
			isa = PBXGroup;
			children = (
				1763B7442A9C432F0019F86D /* MarvelPagedCharactersEntity+Mapping.swift */,
			);
			path = EntityMapping;
			sourceTree = "<group>";
		};
		1763B7482A9C78C90019F86D /* DiContainer */ = {
			isa = PBXGroup;
			children = (
				1763B7492A9C78DE0019F86D /* AppDIContainer.swift */,
				1763B7562A9CFEA10019F86D /* CharactersSceneDIContainer.swift */,
			);
			path = DiContainer;
			sourceTree = "<group>";
		};
		1763B74D2A9CF5C50019F86D /* CharactersList */ = {
			isa = PBXGroup;
			children = (
				1763B75C2A9CFFFE0019F86D /* View */,
				1763B74F2A9CF6000019F86D /* ViewModel */,
			);
			path = CharactersList;
			sourceTree = "<group>";
		};
		1763B74F2A9CF6000019F86D /* ViewModel */ = {
			isa = PBXGroup;
			children = (
				1763B7502A9CF6300019F86D /* CharactersListItemViewModel.swift */,
				1763B7522A9CF8B20019F86D /* CharactersListViewModel.swift */,
				1763B7852A9F8A780019F86D /* DefaultFavoritesListViewModel.swift */,
				1763B7872A9F98D80019F86D /* DefaultCharactersListViewModel.swift */,
				1763B7892A9F99410019F86D /* BaseCharactersListViewModel.swift */,
			);
			path = ViewModel;
			sourceTree = "<group>";
		};
		1763B7582A9CFF2C0019F86D /* Flows */ = {
			isa = PBXGroup;
			children = (
				1763B7592A9CFF5B0019F86D /* CharactersFlowCoordinator.swift */,
			);
			path = Flows;
			sourceTree = "<group>";
		};
		1763B75C2A9CFFFE0019F86D /* View */ = {
			isa = PBXGroup;
			children = (
				17BA3B242A9EF4F200862313 /* Cell */,
				1763B7772A9E0F230019F86D /* FavoritesListVc.swift */,
				17E0988C2A965F8D00178398 /* CharactersListVc.swift */,
				1763B7662A9DD4EB0019F86D /* CharactersTableVc.swift */,
			);
			path = View;
			sourceTree = "<group>";
		};
		1763B75D2A9D72880019F86D /* Scene */ = {
			isa = PBXGroup;
			children = (
				1763B74D2A9CF5C50019F86D /* CharactersList */,
				1763B7582A9CFF2C0019F86D /* Flows */,
			);
			path = Scene;
			sourceTree = "<group>";
		};
		1763B75E2A9D72D20019F86D /* Utils */ = {
			isa = PBXGroup;
			children = (
				1763B75F2A9D74B70019F86D /* UIViewController+AddChild.swift */,
				1763B76F2A9DEE580019F86D /* UITableViewController+AcitivityIndicator.swift */,
			);
			path = Utils;
			sourceTree = "<group>";
		};
		17BA3B242A9EF4F200862313 /* Cell */ = {
			isa = PBXGroup;
			children = (
				1763B7692A9DD67D0019F86D /* CharactersListItemCell.swift */,
			);
			path = Cell;
			sourceTree = "<group>";
		};
		17DE8CA42A96E83B007BBCCC /* Data */ = {
			isa = PBXGroup;
			children = (
				1763B7372A9B52DF0019F86D /* CoreData */,
				1763B71E2A99F8AA0019F86D /* Storages */,
				1763B7192A99E2000019F86D /* Repositories */,
				17DE8CB02A96EEEC007BBCCC /* Network */,
			);
			path = Data;
			sourceTree = "<group>";
		};
		17DE8CAE2A96EDAD007BBCCC /* Presentation */ = {
			isa = PBXGroup;
			children = (
				1763B75D2A9D72880019F86D /* Scene */,
				1763B75E2A9D72D20019F86D /* Utils */,
			);
			path = Presentation;
			sourceTree = "<group>";
		};
		17DE8CB02A96EEEC007BBCCC /* Network */ = {
			isa = PBXGroup;
			children = (
				17DE8CB52A96F582007BBCCC /* Responses */,
				17DE8CB12A96EF27007BBCCC /* MarvelEndpoint.swift */,
				17DE8CE22A975122007BBCCC /* MarvelApi.swift */,
			);
			path = Network;
			sourceTree = "<group>";
		};
		17DE8CB52A96F582007BBCCC /* Responses */ = {
			isa = PBXGroup;
			children = (
				17DE8CBF2A96F8EE007BBCCC /* ResMarvelCharacter.swift */,
				17DE8CE72A9759A9007BBCCC /* ResMarvelComic.swift */,
				17DE8CB92A96F740007BBCCC /* ResMarvelError.swift */,
				17DE8CC32A96FA30007BBCCC /* ResMarvelImage.swift */,
				17DE8CC62A96FAF9007BBCCC /* ResMarvelResourceList.swift */,
				17DE8CA52A96E8A2007BBCCC /* ResMarvelResults.swift */,
				17DE8CBC2A96F801007BBCCC /* ResMarvelURL.swift */,
				17DE8CED2A975E78007BBCCC /* ResMarvelText.swift */,
			);
			path = Responses;
			sourceTree = "<group>";
		};
		17DE8CC22A96F935007BBCCC /* Application */ = {
			isa = PBXGroup;
			children = (
				17E098882A965F8D00178398 /* AppDelegate.swift */,
				17E9A5792AE419D40047DCFE /* AppError.swift */,
				1763B7542A9CFDCD0019F86D /* AppFlowCoordinator.swift */,
				1763B7482A9C78C90019F86D /* DiContainer */,
				17E098BC2A966A6D00178398 /* Env.swift */,
				17E098962A965F8E00178398 /* Info.plist */,
				17E098932A965F8E00178398 /* LaunchScreen.storyboard */,
				17E0988A2A965F8D00178398 /* SceneDelegate.swift */,
				1763B77D2A9E151E0019F86D /* Scheduler.swift */,
			);
			path = Application;
			sourceTree = "<group>";
		};
		17DE8CE52A9751D6007BBCCC /* Infra */ = {
			isa = PBXGroup;
			children = (
				174E1DD42AA0813C00755D6A /* Service */,
			);
			path = Infra;
			sourceTree = "<group>";
		};
		17E0987C2A965F8D00178398 = {
			isa = PBXGroup;
			children = (
				17E9A58E2AE64F990047DCFE /* README.md */,
				17E098872A965F8D00178398 /* App */,
				17E0989E2A965F8E00178398 /* AppTests */,
				17E098A82A965F8E00178398 /* AppUITests */,
				17E098862A965F8D00178398 /* Products */,
				173D1CE72AEF5756003F380D /* Frameworks */,
			);
			sourceTree = "<group>";
		};
		17E098862A965F8D00178398 /* Products */ = {
			isa = PBXGroup;
			children = (
				17E098852A965F8D00178398 /* Marvel Villains.app */,
				17E0989B2A965F8E00178398 /* AppTests.xctest */,
				17E098A52A965F8E00178398 /* AppUITests.xctest */,
			);
			name = Products;
			sourceTree = "<group>";
		};
		17E098872A965F8D00178398 /* App */ = {
			isa = PBXGroup;
			children = (
				174E1DE62AA082FE00755D6A /* Resource */,
				17DE8CC22A96F935007BBCCC /* Application */,
				17DE8CA42A96E83B007BBCCC /* Data */,
				17DE8CE52A9751D6007BBCCC /* Infra */,
				17DE8CAE2A96EDAD007BBCCC /* Presentation */,
			);
			path = App;
			sourceTree = "<group>";
		};
		17E0989E2A965F8E00178398 /* AppTests */ = {
			isa = PBXGroup;
			children = (
				17E0989F2A965F8E00178398 /* ResMarvelContainerTests.swift */,
			);
			path = AppTests;
			sourceTree = "<group>";
		};
		17E098A82A965F8E00178398 /* AppUITests */ = {
			isa = PBXGroup;
			children = (
				17E098A92A965F8E00178398 /* AppUITests.swift */,
				17E098AB2A965F8E00178398 /* AppUITestsLaunchTests.swift */,
			);
			path = AppUITests;
			sourceTree = "<group>";
		};
/* End PBXGroup section */

/* Begin PBXNativeTarget section */
		17E098842A965F8D00178398 /* App */ = {
			isa = PBXNativeTarget;
			buildConfigurationList = 17E098AF2A965F8E00178398 /* Build configuration list for PBXNativeTarget "App" */;
			buildPhases = (
				17E098812A965F8D00178398 /* Sources */,
				17E098822A965F8D00178398 /* Frameworks */,
				17E098832A965F8D00178398 /* Resources */,
				173D1CEB2AEF5756003F380D /* Embed Frameworks */,
			);
			buildRules = (
			);
			dependencies = (
			);
			name = App;
			packageProductDependencies = (
				17DE8CA92A96EAAC007BBCCC /* Alamofire */,
				17DE8CAC2A96EADE007BBCCC /* Kingfisher */,
			);
			productName = KisTest;
			productReference = 17E098852A965F8D00178398 /* Marvel Villains.app */;
			productType = "com.apple.product-type.application";
		};
		17E0989A2A965F8E00178398 /* AppTests */ = {
			isa = PBXNativeTarget;
			buildConfigurationList = 17E098B22A965F8E00178398 /* Build configuration list for PBXNativeTarget "AppTests" */;
			buildPhases = (
				17E098972A965F8E00178398 /* Sources */,
				17E098982A965F8E00178398 /* Frameworks */,
				17E098992A965F8E00178398 /* Resources */,
			);
			buildRules = (
			);
			dependencies = (
				17E0989D2A965F8E00178398 /* PBXTargetDependency */,
			);
			name = AppTests;
			productName = KisTestTests;
			productReference = 17E0989B2A965F8E00178398 /* AppTests.xctest */;
			productType = "com.apple.product-type.bundle.unit-test";
		};
		17E098A42A965F8E00178398 /* AppUITests */ = {
			isa = PBXNativeTarget;
			buildConfigurationList = 17E098B52A965F8E00178398 /* Build configuration list for PBXNativeTarget "AppUITests" */;
			buildPhases = (
				17E098A12A965F8E00178398 /* Sources */,
				17E098A22A965F8E00178398 /* Frameworks */,
				17E098A32A965F8E00178398 /* Resources */,
			);
			buildRules = (
			);
			dependencies = (
				17E098A72A965F8E00178398 /* PBXTargetDependency */,
			);
			name = AppUITests;
			productName = KisTestUITests;
			productReference = 17E098A52A965F8E00178398 /* AppUITests.xctest */;
			productType = "com.apple.product-type.bundle.ui-testing";
		};
/* End PBXNativeTarget section */

/* Begin PBXProject section */
		17E0987D2A965F8D00178398 /* Project object */ = {
			isa = PBXProject;
			attributes = {
				BuildIndependentTargetsInParallel = 1;
				LastSwiftUpdateCheck = 1430;
				LastUpgradeCheck = 1500;
				TargetAttributes = {
					17E098842A965F8D00178398 = {
						CreatedOnToolsVersion = 14.3.1;
					};
					17E0989A2A965F8E00178398 = {
						CreatedOnToolsVersion = 14.3.1;
						TestTargetID = 17E098842A965F8D00178398;
					};
					17E098A42A965F8E00178398 = {
						CreatedOnToolsVersion = 14.3.1;
						TestTargetID = 17E098842A965F8D00178398;
					};
				};
			};
			buildConfigurationList = 17E098802A965F8D00178398 /* Build configuration list for PBXProject "MarvelVillain" */;
			compatibilityVersion = "Xcode 14.0";
			developmentRegion = en;
			hasScannedForEncodings = 0;
			knownRegions = (
				en,
				Base,
			);
			mainGroup = 17E0987C2A965F8D00178398;
			packageReferences = (
				17DE8CA82A96EAAC007BBCCC /* XCRemoteSwiftPackageReference "Alamofire" */,
				17DE8CAB2A96EADE007BBCCC /* XCRemoteSwiftPackageReference "Kingfisher" */,
			);
			productRefGroup = 17E098862A965F8D00178398 /* Products */;
			projectDirPath = "";
			projectRoot = "";
			targets = (
				17E098842A965F8D00178398 /* App */,
				17E0989A2A965F8E00178398 /* AppTests */,
				17E098A42A965F8E00178398 /* AppUITests */,
			);
		};
/* End PBXProject section */

/* Begin PBXResourcesBuildPhase section */
		17E098832A965F8D00178398 /* Resources */ = {
			isa = PBXResourcesBuildPhase;
			buildActionMask = 2147483647;
			files = (
				17E098952A965F8E00178398 /* LaunchScreen.storyboard in Resources */,
				17E098922A965F8E00178398 /* Assets.xcassets in Resources */,
			);
			runOnlyForDeploymentPostprocessing = 0;
		};
		17E098992A965F8E00178398 /* Resources */ = {
			isa = PBXResourcesBuildPhase;
			buildActionMask = 2147483647;
			files = (
			);
			runOnlyForDeploymentPostprocessing = 0;
		};
		17E098A32A965F8E00178398 /* Resources */ = {
			isa = PBXResourcesBuildPhase;
			buildActionMask = 2147483647;
			files = (
			);
			runOnlyForDeploymentPostprocessing = 0;
		};
/* End PBXResourcesBuildPhase section */

/* Begin PBXSourcesBuildPhase section */
		17E098812A965F8D00178398 /* Sources */ = {
			isa = PBXSourcesBuildPhase;
			buildActionMask = 2147483647;
			files = (
				1763B76A2A9DD67D0019F86D /* CharactersListItemCell.swift in Sources */,
				1763B74A2A9C78DE0019F86D /* AppDIContainer.swift in Sources */,
				1763B7512A9CF6300019F86D /* CharactersListItemViewModel.swift in Sources */,
				1763B7862A9F8A780019F86D /* DefaultFavoritesListViewModel.swift in Sources */,
				17DE8CBA2A96F740007BBCCC /* ResMarvelError.swift in Sources */,
				17DE8CEE2A975E78007BBCCC /* ResMarvelText.swift in Sources */,
				17DE8CBD2A96F801007BBCCC /* ResMarvelURL.swift in Sources */,
				17E098BD2A966A6D00178398 /* Env.swift in Sources */,
				17DE8CA62A96E8A2007BBCCC /* ResMarvelResults.swift in Sources */,
				17DE8CC42A96FA30007BBCCC /* ResMarvelImage.swift in Sources */,
				17DE8CB22A96EF27007BBCCC /* MarvelEndpoint.swift in Sources */,
				17DE8CE82A9759A9007BBCCC /* ResMarvelComic.swift in Sources */,
				1763B7422A9C2F810019F86D /* CoreDataCharactersStorage.swift in Sources */,
				1763B7882A9F98D80019F86D /* DefaultCharactersListViewModel.swift in Sources */,
				1763B7552A9CFDCD0019F86D /* AppFlowCoordinator.swift in Sources */,
				1763B7342A9B50140019F86D /* CoreDataStorage.swift in Sources */,
				17DE8CC72A96FAF9007BBCCC /* ResMarvelResourceList.swift in Sources */,
				1763B6FE2A9892120019F86D /* NetworkDataService.swift in Sources */,
				17DE8CE32A975122007BBCCC /* MarvelApi.swift in Sources */,
				1763B7202A99F8CB0019F86D /* CharactersStorage.swift in Sources */,
				1763B7672A9DD4EB0019F86D /* CharactersTableVc.swift in Sources */,
				1763B73A2A9B629B0019F86D /* CoreDataStorage.xcdatamodeld in Sources */,
				17E0988D2A965F8D00178398 /* CharactersListVc.swift in Sources */,
				1763B77E2A9E151E0019F86D /* Scheduler.swift in Sources */,
				1763B75A2A9CFF5B0019F86D /* CharactersFlowCoordinator.swift in Sources */,
				17E9A5802AE424440047DCFE /* JSONResponseDecoder.swift in Sources */,
				1763B7452A9C432F0019F86D /* MarvelPagedCharactersEntity+Mapping.swift in Sources */,
				173D1CED2AEF585C003F380D /* EmptySuccessResponse.swift in Sources */,
				17DE8CC02A96F8EE007BBCCC /* ResMarvelCharacter.swift in Sources */,
				1763B7782A9E0F230019F86D /* FavoritesListVc.swift in Sources */,
				1763B71B2A99E2330019F86D /* DefaultCharactersRepository.swift in Sources */,
				17E098892A965F8D00178398 /* AppDelegate.swift in Sources */,
				17E9A57A2AE419D40047DCFE /* AppError.swift in Sources */,
				1763B7532A9CF8B20019F86D /* CharactersListViewModel.swift in Sources */,
				1763B7572A9CFEA10019F86D /* CharactersSceneDIContainer.swift in Sources */,
				1763B7702A9DEE580019F86D /* UITableViewController+AcitivityIndicator.swift in Sources */,
				1763B78A2A9F99410019F86D /* BaseCharactersListViewModel.swift in Sources */,
				17E0988B2A965F8D00178398 /* SceneDelegate.swift in Sources */,
				1763B7602A9D74B70019F86D /* UIViewController+AddChild.swift in Sources */,
			);
			runOnlyForDeploymentPostprocessing = 0;
		};
		17E098972A965F8E00178398 /* Sources */ = {
			isa = PBXSourcesBuildPhase;
			buildActionMask = 2147483647;
			files = (
				1763B71C2A99E2330019F86D /* DefaultCharactersRepository.swift in Sources */,
				17DE8CBE2A96F801007BBCCC /* ResMarvelURL.swift in Sources */,
				1763B7212A99F8CB0019F86D /* CharactersStorage.swift in Sources */,
				17E098A02A965F8E00178398 /* ResMarvelContainerTests.swift in Sources */,
				17DE8CBB2A96F740007BBCCC /* ResMarvelError.swift in Sources */,
				17DE8CC12A96F8EE007BBCCC /* ResMarvelCharacter.swift in Sources */,
				1763B7362A9B501A0019F86D /* CoreDataStorage.swift in Sources */,
				17DE8CB32A96EF27007BBCCC /* MarvelEndpoint.swift in Sources */,
				17DE8CA72A96E8A2007BBCCC /* ResMarvelResults.swift in Sources */,
				17DE8CC82A96FAF9007BBCCC /* ResMarvelResourceList.swift in Sources */,
				17DE8CC52A96FA30007BBCCC /* ResMarvelImage.swift in Sources */,
			);
			runOnlyForDeploymentPostprocessing = 0;
		};
		17E098A12A965F8E00178398 /* Sources */ = {
			isa = PBXSourcesBuildPhase;
			buildActionMask = 2147483647;
			files = (
				17DE8CEF2A975E78007BBCCC /* ResMarvelText.swift in Sources */,
				17E098AC2A965F8E00178398 /* AppUITestsLaunchTests.swift in Sources */,
				17DE8CE42A975122007BBCCC /* MarvelApi.swift in Sources */,
				17DE8CE92A9759A9007BBCCC /* ResMarvelComic.swift in Sources */,
				17E098AA2A965F8E00178398 /* AppUITests.swift in Sources */,
				1763B7352A9B501A0019F86D /* CoreDataStorage.swift in Sources */,
				1763B7222A99F8CB0019F86D /* CharactersStorage.swift in Sources */,
				1763B71D2A99E2330019F86D /* DefaultCharactersRepository.swift in Sources */,
			);
			runOnlyForDeploymentPostprocessing = 0;
		};
/* End PBXSourcesBuildPhase section */

/* Begin PBXTargetDependency section */
		17E0989D2A965F8E00178398 /* PBXTargetDependency */ = {
			isa = PBXTargetDependency;
			target = 17E098842A965F8D00178398 /* App */;
			targetProxy = 17E0989C2A965F8E00178398 /* PBXContainerItemProxy */;
		};
		17E098A72A965F8E00178398 /* PBXTargetDependency */ = {
			isa = PBXTargetDependency;
			target = 17E098842A965F8D00178398 /* App */;
			targetProxy = 17E098A62A965F8E00178398 /* PBXContainerItemProxy */;
		};
/* End PBXTargetDependency section */

/* Begin PBXVariantGroup section */
		17E098932A965F8E00178398 /* LaunchScreen.storyboard */ = {
			isa = PBXVariantGroup;
			children = (
				17E098942A965F8E00178398 /* Base */,
			);
			name = LaunchScreen.storyboard;
			sourceTree = "<group>";
		};
/* End PBXVariantGroup section */

/* Begin XCBuildConfiguration section */
		17E098AD2A965F8E00178398 /* Debug */ = {
			isa = XCBuildConfiguration;
			buildSettings = {
				ALWAYS_SEARCH_USER_PATHS = NO;
				CLANG_ANALYZER_NONNULL = YES;
				CLANG_ANALYZER_NUMBER_OBJECT_CONVERSION = YES_AGGRESSIVE;
				CLANG_CXX_LANGUAGE_STANDARD = "gnu++20";
				CLANG_ENABLE_MODULES = YES;
				CLANG_ENABLE_OBJC_ARC = YES;
				CLANG_ENABLE_OBJC_WEAK = YES;
				CLANG_WARN_BLOCK_CAPTURE_AUTORELEASING = YES;
				CLANG_WARN_BOOL_CONVERSION = YES;
				CLANG_WARN_COMMA = YES;
				CLANG_WARN_CONSTANT_CONVERSION = YES;
				CLANG_WARN_DEPRECATED_OBJC_IMPLEMENTATIONS = YES;
				CLANG_WARN_DIRECT_OBJC_ISA_USAGE = YES_ERROR;
				CLANG_WARN_DOCUMENTATION_COMMENTS = YES;
				CLANG_WARN_EMPTY_BODY = YES;
				CLANG_WARN_ENUM_CONVERSION = YES;
				CLANG_WARN_INFINITE_RECURSION = YES;
				CLANG_WARN_INT_CONVERSION = YES;
				CLANG_WARN_NON_LITERAL_NULL_CONVERSION = YES;
				CLANG_WARN_OBJC_IMPLICIT_RETAIN_SELF = YES;
				CLANG_WARN_OBJC_LITERAL_CONVERSION = YES;
				CLANG_WARN_OBJC_ROOT_CLASS = YES_ERROR;
				CLANG_WARN_QUOTED_INCLUDE_IN_FRAMEWORK_HEADER = YES;
				CLANG_WARN_RANGE_LOOP_ANALYSIS = YES;
				CLANG_WARN_STRICT_PROTOTYPES = YES;
				CLANG_WARN_SUSPICIOUS_MOVE = YES;
				CLANG_WARN_UNGUARDED_AVAILABILITY = YES_AGGRESSIVE;
				CLANG_WARN_UNREACHABLE_CODE = YES;
				CLANG_WARN__DUPLICATE_METHOD_MATCH = YES;
				COPY_PHASE_STRIP = NO;
				DEBUG_INFORMATION_FORMAT = dwarf;
				ENABLE_STRICT_OBJC_MSGSEND = YES;
				ENABLE_TESTABILITY = YES;
				ENABLE_USER_SCRIPT_SANDBOXING = YES;
				GCC_C_LANGUAGE_STANDARD = gnu11;
				GCC_DYNAMIC_NO_PIC = NO;
				GCC_NO_COMMON_BLOCKS = YES;
				GCC_OPTIMIZATION_LEVEL = 0;
				GCC_PREPROCESSOR_DEFINITIONS = (
					"DEBUG=1",
					"$(inherited)",
				);
				GCC_WARN_64_TO_32_BIT_CONVERSION = YES;
				GCC_WARN_ABOUT_RETURN_TYPE = YES_ERROR;
				GCC_WARN_UNDECLARED_SELECTOR = YES;
				GCC_WARN_UNINITIALIZED_AUTOS = YES_AGGRESSIVE;
				GCC_WARN_UNUSED_FUNCTION = YES;
				GCC_WARN_UNUSED_VARIABLE = YES;
				IPHONEOS_DEPLOYMENT_TARGET = 15.0;
				MTL_ENABLE_DEBUG_INFO = INCLUDE_SOURCE;
				MTL_FAST_MATH = YES;
				ONLY_ACTIVE_ARCH = YES;
				SDKROOT = iphoneos;
				SWIFT_ACTIVE_COMPILATION_CONDITIONS = DEBUG;
				SWIFT_OPTIMIZATION_LEVEL = "-Onone";
			};
			name = Debug;
		};
		17E098AE2A965F8E00178398 /* Release */ = {
			isa = XCBuildConfiguration;
			buildSettings = {
				ALWAYS_SEARCH_USER_PATHS = NO;
				CLANG_ANALYZER_NONNULL = YES;
				CLANG_ANALYZER_NUMBER_OBJECT_CONVERSION = YES_AGGRESSIVE;
				CLANG_CXX_LANGUAGE_STANDARD = "gnu++20";
				CLANG_ENABLE_MODULES = YES;
				CLANG_ENABLE_OBJC_ARC = YES;
				CLANG_ENABLE_OBJC_WEAK = YES;
				CLANG_WARN_BLOCK_CAPTURE_AUTORELEASING = YES;
				CLANG_WARN_BOOL_CONVERSION = YES;
				CLANG_WARN_COMMA = YES;
				CLANG_WARN_CONSTANT_CONVERSION = YES;
				CLANG_WARN_DEPRECATED_OBJC_IMPLEMENTATIONS = YES;
				CLANG_WARN_DIRECT_OBJC_ISA_USAGE = YES_ERROR;
				CLANG_WARN_DOCUMENTATION_COMMENTS = YES;
				CLANG_WARN_EMPTY_BODY = YES;
				CLANG_WARN_ENUM_CONVERSION = YES;
				CLANG_WARN_INFINITE_RECURSION = YES;
				CLANG_WARN_INT_CONVERSION = YES;
				CLANG_WARN_NON_LITERAL_NULL_CONVERSION = YES;
				CLANG_WARN_OBJC_IMPLICIT_RETAIN_SELF = YES;
				CLANG_WARN_OBJC_LITERAL_CONVERSION = YES;
				CLANG_WARN_OBJC_ROOT_CLASS = YES_ERROR;
				CLANG_WARN_QUOTED_INCLUDE_IN_FRAMEWORK_HEADER = YES;
				CLANG_WARN_RANGE_LOOP_ANALYSIS = YES;
				CLANG_WARN_STRICT_PROTOTYPES = YES;
				CLANG_WARN_SUSPICIOUS_MOVE = YES;
				CLANG_WARN_UNGUARDED_AVAILABILITY = YES_AGGRESSIVE;
				CLANG_WARN_UNREACHABLE_CODE = YES;
				CLANG_WARN__DUPLICATE_METHOD_MATCH = YES;
				COPY_PHASE_STRIP = NO;
				DEBUG_INFORMATION_FORMAT = "dwarf-with-dsym";
				ENABLE_NS_ASSERTIONS = NO;
				ENABLE_STRICT_OBJC_MSGSEND = YES;
				ENABLE_USER_SCRIPT_SANDBOXING = YES;
				GCC_C_LANGUAGE_STANDARD = gnu11;
				GCC_NO_COMMON_BLOCKS = YES;
				GCC_WARN_64_TO_32_BIT_CONVERSION = YES;
				GCC_WARN_ABOUT_RETURN_TYPE = YES_ERROR;
				GCC_WARN_UNDECLARED_SELECTOR = YES;
				GCC_WARN_UNINITIALIZED_AUTOS = YES_AGGRESSIVE;
				GCC_WARN_UNUSED_FUNCTION = YES;
				GCC_WARN_UNUSED_VARIABLE = YES;
				IPHONEOS_DEPLOYMENT_TARGET = 15.0;
				MTL_ENABLE_DEBUG_INFO = NO;
				MTL_FAST_MATH = YES;
				SDKROOT = iphoneos;
				SWIFT_COMPILATION_MODE = wholemodule;
				SWIFT_OPTIMIZATION_LEVEL = "-O";
				VALIDATE_PRODUCT = YES;
			};
			name = Release;
		};
		17E098B02A965F8E00178398 /* Debug */ = {
			isa = XCBuildConfiguration;
			buildSettings = {
				ASSETCATALOG_COMPILER_APPICON_NAME = AppIcon;
				ASSETCATALOG_COMPILER_GLOBAL_ACCENT_COLOR_NAME = AccentColor;
				CODE_SIGN_STYLE = Automatic;
				CURRENT_PROJECT_VERSION = 1;
				GENERATE_INFOPLIST_FILE = YES;
				INFOPLIST_FILE = App/Application/Info.plist;
				INFOPLIST_KEY_NSPhotoLibraryAddUsageDescription = "이미지를 소장하기 위해 필요합니다.";
				INFOPLIST_KEY_UILaunchStoryboardName = LaunchScreen;
				INFOPLIST_KEY_UISupportedInterfaceOrientations = UIInterfaceOrientationPortrait;
				INFOPLIST_KEY_UISupportedInterfaceOrientations_iPad = "UIInterfaceOrientationLandscapeLeft UIInterfaceOrientationLandscapeRight UIInterfaceOrientationPortrait UIInterfaceOrientationPortraitUpsideDown";
				IPHONEOS_DEPLOYMENT_TARGET = "$(inherited)";
				LD_RUNPATH_SEARCH_PATHS = (
					"$(inherited)",
					"@executable_path/Frameworks",
				);
				MARKETING_VERSION = 1.0;
				PRODUCT_BUNDLE_IDENTIFIER = i.wish.success.MarvelVillain;
				PRODUCT_NAME = "Marvel Villains";
				SUPPORTED_PLATFORMS = "iphoneos iphonesimulator";
				SUPPORTS_MACCATALYST = NO;
				SUPPORTS_MAC_DESIGNED_FOR_IPHONE_IPAD = NO;
				SWIFT_EMIT_LOC_STRINGS = YES;
				SWIFT_VERSION = 5.0;
				TARGETED_DEVICE_FAMILY = 1;
			};
			name = Debug;
		};
		17E098B12A965F8E00178398 /* Release */ = {
			isa = XCBuildConfiguration;
			buildSettings = {
				ASSETCATALOG_COMPILER_APPICON_NAME = AppIcon;
				ASSETCATALOG_COMPILER_GLOBAL_ACCENT_COLOR_NAME = AccentColor;
				CODE_SIGN_STYLE = Automatic;
				CURRENT_PROJECT_VERSION = 1;
				GENERATE_INFOPLIST_FILE = YES;
				INFOPLIST_FILE = App/Application/Info.plist;
				INFOPLIST_KEY_NSPhotoLibraryAddUsageDescription = "이미지를 소장하기 위해 필요합니다.";
				INFOPLIST_KEY_UILaunchStoryboardName = LaunchScreen;
				INFOPLIST_KEY_UISupportedInterfaceOrientations = UIInterfaceOrientationPortrait;
				INFOPLIST_KEY_UISupportedInterfaceOrientations_iPad = "UIInterfaceOrientationLandscapeLeft UIInterfaceOrientationLandscapeRight UIInterfaceOrientationPortrait UIInterfaceOrientationPortraitUpsideDown";
				IPHONEOS_DEPLOYMENT_TARGET = "$(inherited)";
				LD_RUNPATH_SEARCH_PATHS = (
					"$(inherited)",
					"@executable_path/Frameworks",
				);
				MARKETING_VERSION = 1.0;
				PRODUCT_BUNDLE_IDENTIFIER = i.wish.success.MarvelVillain;
				PRODUCT_NAME = "Marvel Villains";
				SUPPORTED_PLATFORMS = "iphoneos iphonesimulator";
				SUPPORTS_MACCATALYST = NO;
				SUPPORTS_MAC_DESIGNED_FOR_IPHONE_IPAD = NO;
				SWIFT_EMIT_LOC_STRINGS = YES;
				SWIFT_VERSION = 5.0;
				TARGETED_DEVICE_FAMILY = 1;
			};
			name = Release;
		};
		17E098B32A965F8E00178398 /* Debug */ = {
			isa = XCBuildConfiguration;
			buildSettings = {
				ALWAYS_EMBED_SWIFT_STANDARD_LIBRARIES = YES;
				CODE_SIGN_STYLE = Automatic;
				CURRENT_PROJECT_VERSION = 1;
				DEVELOPMENT_TEAM = "";
				GENERATE_INFOPLIST_FILE = YES;
				IPHONEOS_DEPLOYMENT_TARGET = 16.4;
				MARKETING_VERSION = 1.0;
				PRODUCT_BUNDLE_IDENTIFIER = i.wish.success.AppTests;
				PRODUCT_NAME = "$(TARGET_NAME)";
				SUPPORTED_PLATFORMS = "iphoneos iphonesimulator";
				SUPPORTS_MACCATALYST = NO;
				SUPPORTS_MAC_DESIGNED_FOR_IPHONE_IPAD = NO;
				SWIFT_EMIT_LOC_STRINGS = NO;
				SWIFT_VERSION = 5.0;
				TARGETED_DEVICE_FAMILY = 1;
				TEST_HOST = "$(BUILT_PRODUCTS_DIR)/App.app/$(BUNDLE_EXECUTABLE_FOLDER_PATH)/App";
			};
			name = Debug;
		};
		17E098B42A965F8E00178398 /* Release */ = {
			isa = XCBuildConfiguration;
			buildSettings = {
				ALWAYS_EMBED_SWIFT_STANDARD_LIBRARIES = YES;
				CODE_SIGN_STYLE = Automatic;
				CURRENT_PROJECT_VERSION = 1;
				DEVELOPMENT_TEAM = "";
				GENERATE_INFOPLIST_FILE = YES;
				IPHONEOS_DEPLOYMENT_TARGET = 16.4;
				MARKETING_VERSION = 1.0;
				PRODUCT_BUNDLE_IDENTIFIER = i.wish.success.AppTests;
				PRODUCT_NAME = "$(TARGET_NAME)";
				SUPPORTED_PLATFORMS = "iphoneos iphonesimulator";
				SUPPORTS_MACCATALYST = NO;
				SUPPORTS_MAC_DESIGNED_FOR_IPHONE_IPAD = NO;
				SWIFT_EMIT_LOC_STRINGS = NO;
				SWIFT_VERSION = 5.0;
				TARGETED_DEVICE_FAMILY = 1;
				TEST_HOST = "$(BUILT_PRODUCTS_DIR)/App.app/$(BUNDLE_EXECUTABLE_FOLDER_PATH)/App";
			};
			name = Release;
		};
		17E098B62A965F8E00178398 /* Debug */ = {
			isa = XCBuildConfiguration;
			buildSettings = {
				ALWAYS_EMBED_SWIFT_STANDARD_LIBRARIES = YES;
				CODE_SIGN_STYLE = Automatic;
				CURRENT_PROJECT_VERSION = 1;
				GENERATE_INFOPLIST_FILE = YES;
				MARKETING_VERSION = 1.0;
				PRODUCT_BUNDLE_IDENTIFIER = i.wish.success.AppUITests;
				PRODUCT_NAME = "$(TARGET_NAME)";
				SUPPORTED_PLATFORMS = "iphoneos iphonesimulator";
				SUPPORTS_MACCATALYST = NO;
				SUPPORTS_MAC_DESIGNED_FOR_IPHONE_IPAD = NO;
				SWIFT_EMIT_LOC_STRINGS = NO;
				SWIFT_VERSION = 5.0;
				TARGETED_DEVICE_FAMILY = 1;
				TEST_TARGET_NAME = App;
			};
			name = Debug;
		};
		17E098B72A965F8E00178398 /* Release */ = {
			isa = XCBuildConfiguration;
			buildSettings = {
				ALWAYS_EMBED_SWIFT_STANDARD_LIBRARIES = YES;
				CODE_SIGN_STYLE = Automatic;
				CURRENT_PROJECT_VERSION = 1;
				GENERATE_INFOPLIST_FILE = YES;
				MARKETING_VERSION = 1.0;
				PRODUCT_BUNDLE_IDENTIFIER = i.wish.success.AppUITests;
				PRODUCT_NAME = "$(TARGET_NAME)";
				SUPPORTED_PLATFORMS = "iphoneos iphonesimulator";
				SUPPORTS_MACCATALYST = NO;
				SUPPORTS_MAC_DESIGNED_FOR_IPHONE_IPAD = NO;
				SWIFT_EMIT_LOC_STRINGS = NO;
				SWIFT_VERSION = 5.0;
				TARGETED_DEVICE_FAMILY = 1;
				TEST_TARGET_NAME = App;
			};
			name = Release;
		};
/* End XCBuildConfiguration section */

/* Begin XCConfigurationList section */
		17E098802A965F8D00178398 /* Build configuration list for PBXProject "MarvelVillain" */ = {
			isa = XCConfigurationList;
			buildConfigurations = (
				17E098AD2A965F8E00178398 /* Debug */,
				17E098AE2A965F8E00178398 /* Release */,
			);
			defaultConfigurationIsVisible = 0;
			defaultConfigurationName = Release;
		};
		17E098AF2A965F8E00178398 /* Build configuration list for PBXNativeTarget "App" */ = {
			isa = XCConfigurationList;
			buildConfigurations = (
				17E098B02A965F8E00178398 /* Debug */,
				17E098B12A965F8E00178398 /* Release */,
			);
			defaultConfigurationIsVisible = 0;
			defaultConfigurationName = Release;
		};
		17E098B22A965F8E00178398 /* Build configuration list for PBXNativeTarget "AppTests" */ = {
			isa = XCConfigurationList;
			buildConfigurations = (
				17E098B32A965F8E00178398 /* Debug */,
				17E098B42A965F8E00178398 /* Release */,
			);
			defaultConfigurationIsVisible = 0;
			defaultConfigurationName = Release;
		};
		17E098B52A965F8E00178398 /* Build configuration list for PBXNativeTarget "AppUITests" */ = {
			isa = XCConfigurationList;
			buildConfigurations = (
				17E098B62A965F8E00178398 /* Debug */,
				17E098B72A965F8E00178398 /* Release */,
			);
			defaultConfigurationIsVisible = 0;
			defaultConfigurationName = Release;
		};
/* End XCConfigurationList section */

/* Begin XCRemoteSwiftPackageReference section */
		17DE8CA82A96EAAC007BBCCC /* XCRemoteSwiftPackageReference "Alamofire" */ = {
			isa = XCRemoteSwiftPackageReference;
			repositoryURL = "https://github.com/Alamofire/Alamofire.git";
			requirement = {
				kind = upToNextMajorVersion;
				minimumVersion = 5.8.0;
			};
		};
		17DE8CAB2A96EADE007BBCCC /* XCRemoteSwiftPackageReference "Kingfisher" */ = {
			isa = XCRemoteSwiftPackageReference;
			repositoryURL = "https://github.com/onevcat/Kingfisher.git";
			requirement = {
				kind = upToNextMajorVersion;
				minimumVersion = 7.9.0;
			};
		};
/* End XCRemoteSwiftPackageReference section */

/* Begin XCSwiftPackageProductDependency section */
		17DE8CA92A96EAAC007BBCCC /* Alamofire */ = {
			isa = XCSwiftPackageProductDependency;
			package = 17DE8CA82A96EAAC007BBCCC /* XCRemoteSwiftPackageReference "Alamofire" */;
			productName = Alamofire;
		};
		17DE8CAC2A96EADE007BBCCC /* Kingfisher */ = {
			isa = XCSwiftPackageProductDependency;
			package = 17DE8CAB2A96EADE007BBCCC /* XCRemoteSwiftPackageReference "Kingfisher" */;
			productName = Kingfisher;
		};
/* End XCSwiftPackageProductDependency section */

/* Begin XCVersionGroup section */
		1763B7382A9B629B0019F86D /* CoreDataStorage.xcdatamodeld */ = {
			isa = XCVersionGroup;
			children = (
				1763B7392A9B629B0019F86D /* CoreDataStorage.xcdatamodel */,
			);
			currentVersion = 1763B7392A9B629B0019F86D /* CoreDataStorage.xcdatamodel */;
			path = CoreDataStorage.xcdatamodeld;
			sourceTree = "<group>";
			versionGroupType = wrapper.xcdatamodel;
		};
/* End XCVersionGroup section */
	};
	rootObject = 17E0987D2A965F8D00178398 /* Project object */;
}
